
Microsoft Visual Studio Solution File, Format Version 12.00
# Visual Studio 14
VisualStudioVersion = 14.0.25420.1
MinimumVisualStudioVersion = 10.0.40219.1
Project("{FAE04EC0-301F-11D3-BF4B-00C04F79EFBC}") = "01.CenturiesToMinutes", "02.DataTypes\01.CenturiesToMinutes\01.CenturiesToMinutes.csproj", "{31DAF16B-8F9A-4298-8616-FC981F19840A}"
EndProject
Project("{FAE04EC0-301F-11D3-BF4B-00C04F79EFBC}") = "02.CircleArea", "02.DataTypes\02.CircleArea\02.CircleArea.csproj", "{9FD5F68F-77A7-47B5-9EBC-EAA9FCF47906}"
EndProject
Project("{FAE04EC0-301F-11D3-BF4B-00C04F79EFBC}") = "03.ExactSum", "02.DataTypes\03.ExactSum\03.ExactSum.csproj", "{33DACE6F-D3A9-4439-848B-4B5E7C8483BE}"
EndProject
Project("{FAE04EC0-301F-11D3-BF4B-00C04F79EFBC}") = "04.Elevator", "02.DataTypes\04.Elevator\04.Elevator.csproj", "{F94713DB-26FB-408B-A1F4-A03DBBE530E7}"
EndProject
Project("{FAE04EC0-301F-11D3-BF4B-00C04F79EFBC}") = "05.SpecialNumbers", "02.DataTypes\05.SpecialNumbers\05.SpecialNumbers.csproj", "{9D419A87-B0EA-429D-8AC6-A7063D246F97}"
EndProject
Project("{FAE04EC0-301F-11D3-BF4B-00C04F79EFBC}") = "06.TriplesOfLetters", "02.DataTypes\06.TriplesOfLetters\06.TriplesOfLetters.csproj", "{8DF5F472-82D4-432A-A965-FD2AACDB7255}"
EndProject
Project("{FAE04EC0-301F-11D3-BF4B-00C04F79EFBC}") = "07.Greeting", "02.DataTypes\07.Greeting\07.Greeting.csproj", "{B736F07D-65BC-465D-8F1D-56416C9DC12E}"
EndProject
Project("{FAE04EC0-301F-11D3-BF4B-00C04F79EFBC}") = "08.RefactorVolumeOfPyramid", "02.DataTypes\08.RefactorVolumeOfPyramid\08.RefactorVolumeOfPyramid.csproj", "{DE1918C2-CDED-4ACF-BBBA-D8D40015BAA2}"
EndProject
Project("{FAE04EC0-301F-11D3-BF4B-00C04F79EFBC}") = "09.RefactorSpecialNumbers", "02.DataTypes\09.RefactorSpecialNumbers\09.RefactorSpecialNumbers.csproj", "{C39FA203-579C-4641-84DF-9DB88814DC9F}"
EndProject
Project("{2150E333-8FDC-42A3-9474-1A3956D46DE8}") = "02.DataTypes", "02.DataTypes", "{8485BE9D-F307-4FD8-B306-75E90DEBB988}"
EndProject
Project("{2150E333-8FDC-42A3-9474-1A3956D46DE8}") = "HOMEWORK", "HOMEWORK", "{C92895F7-4E05-4883-8D90-9737F12298B8}"
EndProject
Project("{FAE04EC0-301F-11D3-BF4B-00C04F79EFBC}") = "01.PracticeIntegers", "02.DataTypes\HOMEWORK\01.PracticeIntegers\01.PracticeIntegers.csproj", "{1F3B268B-D2D5-4F74-BA57-636450CE886C}"
EndProject
Project("{FAE04EC0-301F-11D3-BF4B-00C04F79EFBC}") = "02.PracticeFloatingPoints", "02.DataTypes\HOMEWORK\02.PracticeFloatingPoints\02.PracticeFloatingPoints.csproj", "{FA8A4C96-4186-43B1-8938-801D6C7600D2}"
EndProject
Project("{FAE04EC0-301F-11D3-BF4B-00C04F79EFBC}") = "03.PracticeCharsAndStrings", "02.DataTypes\HOMEWORK\03.PracticeCharsAndStrings\03.PracticeCharsAndStrings.csproj", "{7CDCB91C-FB70-4607-B117-90BEAD8A0E98}"
EndProject
Project("{FAE04EC0-301F-11D3-BF4B-00C04F79EFBC}") = "04.VariableinHexFormat", "02.DataTypes\HOMEWORK\04.VariableinHexFormat\04.VariableinHexFormat.csproj", "{78654335-DD18-4C58-97FA-457FB355082E}"
EndProject
Project("{FAE04EC0-301F-11D3-BF4B-00C04F79EFBC}") = "05.BooleanVariable", "02.DataTypes\HOMEWORK\05.BooleanVariable\05.BooleanVariable.csproj", "{5A24BBF7-7C10-4572-8CB7-B52B1D2EDB45}"
EndProject
Project("{FAE04EC0-301F-11D3-BF4B-00C04F79EFBC}") = "06.StringsAndObjects", "02.DataTypes\HOMEWORK\06.StringsAndObjects\06.StringsAndObjects.csproj", "{4D8EC6DC-142F-4F59-BB30-2B0B9239DA8F}"
EndProject
Project("{FAE04EC0-301F-11D3-BF4B-00C04F79EFBC}") = "07.ExchangeVariableValues", "02.DataTypes\HOMEWORK\07.ExchangeVariableValues\07.ExchangeVariableValues.csproj", "{7BC67604-FE5C-4F44-AF39-DD55EE78114D}"
EndProject
Project("{FAE04EC0-301F-11D3-BF4B-00C04F79EFBC}") = "08.EmployeeData", "02.DataTypes\HOMEWORK\08.EmployeeData\08.EmployeeData.csproj", "{2B9957ED-1ECD-4BBF-A068-9EAA20933F12}"
EndProject
Project("{FAE04EC0-301F-11D3-BF4B-00C04F79EFBC}") = "09.ReversedChars", "02.DataTypes\HOMEWORK\09.ReversedChars\09.ReversedChars.csproj", "{EDDFDB03-6D51-44C5-AB60-987691131A3D}"
EndProject
Project("{FAE04EC0-301F-11D3-BF4B-00C04F79EFBC}") = "10.CenturiesToNanoseconds", "02.DataTypes\HOMEWORK\10.CenturiesToNanoseconds\10.CenturiesToNanoseconds.csproj", "{07500782-4435-4894-90D6-D4837BC6D797}"
EndProject
Project("{FAE04EC0-301F-11D3-BF4B-00C04F79EFBC}") = "11.ConvertSpeedUnits", "02.DataTypes\HOMEWORK\11.ConvertSpeedUnits\11.ConvertSpeedUnits.csproj", "{51C7DA9C-16CB-4FCA-87F1-F49D1ED3621E}"
EndProject
Project("{FAE04EC0-301F-11D3-BF4B-00C04F79EFBC}") = "12.RectangleProperties", "02.DataTypes\HOMEWORK\12.RectangleProperties\12.RectangleProperties.csproj", "{DC41688F-263D-4D5C-BC08-A88CE0078DCE}"
EndProject
Project("{FAE04EC0-301F-11D3-BF4B-00C04F79EFBC}") = "13.VowelOrDigit", "02.DataTypes\HOMEWORK\13.VowelOrDigit\13.VowelOrDigit.csproj", "{EF05B39A-DE5D-4B9F-9B03-D4888650E6D0}"
EndProject
Project("{FAE04EC0-301F-11D3-BF4B-00C04F79EFBC}") = "14.IntegerToHexAndBinary", "02.DataTypes\HOMEWORK\14.IntegerToHexAndBinary\14.IntegerToHexAndBinary.csproj", "{17E78805-C1B4-4528-B4F7-F13D9B92B8A8}"
EndProject
Project("{FAE04EC0-301F-11D3-BF4B-00C04F79EFBC}") = "15.FastPrimeChecker", "02.DataTypes\HOMEWORK\15.FastPrimeChecker\15.FastPrimeChecker.csproj", "{AC23E599-9E13-47EE-9C01-3E99C596C73A}"
EndProject
Project("{FAE04EC0-301F-11D3-BF4B-00C04F79EFBC}") = "16.ComparingFloats", "02.DataTypes\HOMEWORK\16.ComparingFloats\16.ComparingFloats.csproj", "{EBC3AB30-9F0C-40BA-919E-A63F6F81A912}"
EndProject
Project("{FAE04EC0-301F-11D3-BF4B-00C04F79EFBC}") = "17.PrintPartOfASCIITable", "02.DataTypes\HOMEWORK\17.PrintPartOfASCIITable\17.PrintPartOfASCIITable.csproj", "{7F8B7D81-A744-48A2-9640-7A119E30180A}"
EndProject
Project("{FAE04EC0-301F-11D3-BF4B-00C04F79EFBC}") = "18.DifferentIntegersSize", "02.DataTypes\HOMEWORK\18.DifferentIntegersSize\18.DifferentIntegersSize.csproj", "{62B515E7-8962-4173-9381-B7C71920B29E}"
EndProject
Project("{FAE04EC0-301F-11D3-BF4B-00C04F79EFBC}") = "19.TheaThePhotographer", "02.DataTypes\HOMEWORK\19.TheaThePhotographer\19.TheaThePhotographer.csproj", "{C8D6F162-7454-4A65-8EAD-4AE103279BF8}"
EndProject
Global
	GlobalSection(SolutionConfigurationPlatforms) = preSolution
		Debug|Any CPU = Debug|Any CPU
		Release|Any CPU = Release|Any CPU
	EndGlobalSection
	GlobalSection(ProjectConfigurationPlatforms) = postSolution
		{31DAF16B-8F9A-4298-8616-FC981F19840A}.Debug|Any CPU.ActiveCfg = Debug|Any CPU
		{31DAF16B-8F9A-4298-8616-FC981F19840A}.Debug|Any CPU.Build.0 = Debug|Any CPU
		{31DAF16B-8F9A-4298-8616-FC981F19840A}.Release|Any CPU.ActiveCfg = Release|Any CPU
		{31DAF16B-8F9A-4298-8616-FC981F19840A}.Release|Any CPU.Build.0 = Release|Any CPU
		{9FD5F68F-77A7-47B5-9EBC-EAA9FCF47906}.Debug|Any CPU.ActiveCfg = Debug|Any CPU
		{9FD5F68F-77A7-47B5-9EBC-EAA9FCF47906}.Debug|Any CPU.Build.0 = Debug|Any CPU
		{9FD5F68F-77A7-47B5-9EBC-EAA9FCF47906}.Release|Any CPU.ActiveCfg = Release|Any CPU
		{9FD5F68F-77A7-47B5-9EBC-EAA9FCF47906}.Release|Any CPU.Build.0 = Release|Any CPU
		{33DACE6F-D3A9-4439-848B-4B5E7C8483BE}.Debug|Any CPU.ActiveCfg = Debug|Any CPU
		{33DACE6F-D3A9-4439-848B-4B5E7C8483BE}.Debug|Any CPU.Build.0 = Debug|Any CPU
		{33DACE6F-D3A9-4439-848B-4B5E7C8483BE}.Release|Any CPU.ActiveCfg = Release|Any CPU
		{33DACE6F-D3A9-4439-848B-4B5E7C8483BE}.Release|Any CPU.Build.0 = Release|Any CPU
		{F94713DB-26FB-408B-A1F4-A03DBBE530E7}.Debug|Any CPU.ActiveCfg = Debug|Any CPU
		{F94713DB-26FB-408B-A1F4-A03DBBE530E7}.Debug|Any CPU.Build.0 = Debug|Any CPU
		{F94713DB-26FB-408B-A1F4-A03DBBE530E7}.Release|Any CPU.ActiveCfg = Release|Any CPU
		{F94713DB-26FB-408B-A1F4-A03DBBE530E7}.Release|Any CPU.Build.0 = Release|Any CPU
		{9D419A87-B0EA-429D-8AC6-A7063D246F97}.Debug|Any CPU.ActiveCfg = Debug|Any CPU
		{9D419A87-B0EA-429D-8AC6-A7063D246F97}.Debug|Any CPU.Build.0 = Debug|Any CPU
		{9D419A87-B0EA-429D-8AC6-A7063D246F97}.Release|Any CPU.ActiveCfg = Release|Any CPU
		{9D419A87-B0EA-429D-8AC6-A7063D246F97}.Release|Any CPU.Build.0 = Release|Any CPU
		{8DF5F472-82D4-432A-A965-FD2AACDB7255}.Debug|Any CPU.ActiveCfg = Debug|Any CPU
		{8DF5F472-82D4-432A-A965-FD2AACDB7255}.Debug|Any CPU.Build.0 = Debug|Any CPU
		{8DF5F472-82D4-432A-A965-FD2AACDB7255}.Release|Any CPU.ActiveCfg = Release|Any CPU
		{8DF5F472-82D4-432A-A965-FD2AACDB7255}.Release|Any CPU.Build.0 = Release|Any CPU
		{B736F07D-65BC-465D-8F1D-56416C9DC12E}.Debug|Any CPU.ActiveCfg = Debug|Any CPU
		{B736F07D-65BC-465D-8F1D-56416C9DC12E}.Debug|Any CPU.Build.0 = Debug|Any CPU
		{B736F07D-65BC-465D-8F1D-56416C9DC12E}.Release|Any CPU.ActiveCfg = Release|Any CPU
		{B736F07D-65BC-465D-8F1D-56416C9DC12E}.Release|Any CPU.Build.0 = Release|Any CPU
		{DE1918C2-CDED-4ACF-BBBA-D8D40015BAA2}.Debug|Any CPU.ActiveCfg = Debug|Any CPU
		{DE1918C2-CDED-4ACF-BBBA-D8D40015BAA2}.Debug|Any CPU.Build.0 = Debug|Any CPU
		{DE1918C2-CDED-4ACF-BBBA-D8D40015BAA2}.Release|Any CPU.ActiveCfg = Release|Any CPU
		{DE1918C2-CDED-4ACF-BBBA-D8D40015BAA2}.Release|Any CPU.Build.0 = Release|Any CPU
		{C39FA203-579C-4641-84DF-9DB88814DC9F}.Debug|Any CPU.ActiveCfg = Debug|Any CPU
		{C39FA203-579C-4641-84DF-9DB88814DC9F}.Debug|Any CPU.Build.0 = Debug|Any CPU
		{C39FA203-579C-4641-84DF-9DB88814DC9F}.Release|Any CPU.ActiveCfg = Release|Any CPU
		{C39FA203-579C-4641-84DF-9DB88814DC9F}.Release|Any CPU.Build.0 = Release|Any CPU
		{1F3B268B-D2D5-4F74-BA57-636450CE886C}.Debug|Any CPU.ActiveCfg = Debug|Any CPU
		{1F3B268B-D2D5-4F74-BA57-636450CE886C}.Debug|Any CPU.Build.0 = Debug|Any CPU
		{1F3B268B-D2D5-4F74-BA57-636450CE886C}.Release|Any CPU.ActiveCfg = Release|Any CPU
		{1F3B268B-D2D5-4F74-BA57-636450CE886C}.Release|Any CPU.Build.0 = Release|Any CPU
		{FA8A4C96-4186-43B1-8938-801D6C7600D2}.Debug|Any CPU.ActiveCfg = Debug|Any CPU
		{FA8A4C96-4186-43B1-8938-801D6C7600D2}.Debug|Any CPU.Build.0 = Debug|Any CPU
		{FA8A4C96-4186-43B1-8938-801D6C7600D2}.Release|Any CPU.ActiveCfg = Release|Any CPU
		{FA8A4C96-4186-43B1-8938-801D6C7600D2}.Release|Any CPU.Build.0 = Release|Any CPU
		{7CDCB91C-FB70-4607-B117-90BEAD8A0E98}.Debug|Any CPU.ActiveCfg = Debug|Any CPU
		{7CDCB91C-FB70-4607-B117-90BEAD8A0E98}.Debug|Any CPU.Build.0 = Debug|Any CPU
		{7CDCB91C-FB70-4607-B117-90BEAD8A0E98}.Release|Any CPU.ActiveCfg = Release|Any CPU
		{7CDCB91C-FB70-4607-B117-90BEAD8A0E98}.Release|Any CPU.Build.0 = Release|Any CPU
		{78654335-DD18-4C58-97FA-457FB355082E}.Debug|Any CPU.ActiveCfg = Debug|Any CPU
		{78654335-DD18-4C58-97FA-457FB355082E}.Debug|Any CPU.Build.0 = Debug|Any CPU
		{78654335-DD18-4C58-97FA-457FB355082E}.Release|Any CPU.ActiveCfg = Release|Any CPU
		{78654335-DD18-4C58-97FA-457FB355082E}.Release|Any CPU.Build.0 = Release|Any CPU
		{5A24BBF7-7C10-4572-8CB7-B52B1D2EDB45}.Debug|Any CPU.ActiveCfg = Debug|Any CPU
		{5A24BBF7-7C10-4572-8CB7-B52B1D2EDB45}.Debug|Any CPU.Build.0 = Debug|Any CPU
		{5A24BBF7-7C10-4572-8CB7-B52B1D2EDB45}.Release|Any CPU.ActiveCfg = Release|Any CPU
		{5A24BBF7-7C10-4572-8CB7-B52B1D2EDB45}.Release|Any CPU.Build.0 = Release|Any CPU
		{4D8EC6DC-142F-4F59-BB30-2B0B9239DA8F}.Debug|Any CPU.ActiveCfg = Debug|Any CPU
		{4D8EC6DC-142F-4F59-BB30-2B0B9239DA8F}.Debug|Any CPU.Build.0 = Debug|Any CPU
		{4D8EC6DC-142F-4F59-BB30-2B0B9239DA8F}.Release|Any CPU.ActiveCfg = Release|Any CPU
		{4D8EC6DC-142F-4F59-BB30-2B0B9239DA8F}.Release|Any CPU.Build.0 = Release|Any CPU
		{7BC67604-FE5C-4F44-AF39-DD55EE78114D}.Debug|Any CPU.ActiveCfg = Debug|Any CPU
		{7BC67604-FE5C-4F44-AF39-DD55EE78114D}.Debug|Any CPU.Build.0 = Debug|Any CPU
		{7BC67604-FE5C-4F44-AF39-DD55EE78114D}.Release|Any CPU.ActiveCfg = Release|Any CPU
		{7BC67604-FE5C-4F44-AF39-DD55EE78114D}.Release|Any CPU.Build.0 = Release|Any CPU
		{2B9957ED-1ECD-4BBF-A068-9EAA20933F12}.Debug|Any CPU.ActiveCfg = Debug|Any CPU
		{2B9957ED-1ECD-4BBF-A068-9EAA20933F12}.Debug|Any CPU.Build.0 = Debug|Any CPU
		{2B9957ED-1ECD-4BBF-A068-9EAA20933F12}.Release|Any CPU.ActiveCfg = Release|Any CPU
		{2B9957ED-1ECD-4BBF-A068-9EAA20933F12}.Release|Any CPU.Build.0 = Release|Any CPU
		{EDDFDB03-6D51-44C5-AB60-987691131A3D}.Debug|Any CPU.ActiveCfg = Debug|Any CPU
		{EDDFDB03-6D51-44C5-AB60-987691131A3D}.Debug|Any CPU.Build.0 = Debug|Any CPU
		{EDDFDB03-6D51-44C5-AB60-987691131A3D}.Release|Any CPU.ActiveCfg = Release|Any CPU
		{EDDFDB03-6D51-44C5-AB60-987691131A3D}.Release|Any CPU.Build.0 = Release|Any CPU
		{07500782-4435-4894-90D6-D4837BC6D797}.Debug|Any CPU.ActiveCfg = Debug|Any CPU
		{07500782-4435-4894-90D6-D4837BC6D797}.Debug|Any CPU.Build.0 = Debug|Any CPU
		{07500782-4435-4894-90D6-D4837BC6D797}.Release|Any CPU.ActiveCfg = Release|Any CPU
		{07500782-4435-4894-90D6-D4837BC6D797}.Release|Any CPU.Build.0 = Release|Any CPU
		{51C7DA9C-16CB-4FCA-87F1-F49D1ED3621E}.Debug|Any CPU.ActiveCfg = Debug|Any CPU
		{51C7DA9C-16CB-4FCA-87F1-F49D1ED3621E}.Debug|Any CPU.Build.0 = Debug|Any CPU
		{51C7DA9C-16CB-4FCA-87F1-F49D1ED3621E}.Release|Any CPU.ActiveCfg = Release|Any CPU
		{51C7DA9C-16CB-4FCA-87F1-F49D1ED3621E}.Release|Any CPU.Build.0 = Release|Any CPU
		{DC41688F-263D-4D5C-BC08-A88CE0078DCE}.Debug|Any CPU.ActiveCfg = Debug|Any CPU
		{DC41688F-263D-4D5C-BC08-A88CE0078DCE}.Debug|Any CPU.Build.0 = Debug|Any CPU
		{DC41688F-263D-4D5C-BC08-A88CE0078DCE}.Release|Any CPU.ActiveCfg = Release|Any CPU
		{DC41688F-263D-4D5C-BC08-A88CE0078DCE}.Release|Any CPU.Build.0 = Release|Any CPU
		{EF05B39A-DE5D-4B9F-9B03-D4888650E6D0}.Debug|Any CPU.ActiveCfg = Debug|Any CPU
		{EF05B39A-DE5D-4B9F-9B03-D4888650E6D0}.Debug|Any CPU.Build.0 = Debug|Any CPU
		{EF05B39A-DE5D-4B9F-9B03-D4888650E6D0}.Release|Any CPU.ActiveCfg = Release|Any CPU
		{EF05B39A-DE5D-4B9F-9B03-D4888650E6D0}.Release|Any CPU.Build.0 = Release|Any CPU
		{17E78805-C1B4-4528-B4F7-F13D9B92B8A8}.Debug|Any CPU.ActiveCfg = Debug|Any CPU
		{17E78805-C1B4-4528-B4F7-F13D9B92B8A8}.Debug|Any CPU.Build.0 = Debug|Any CPU
		{17E78805-C1B4-4528-B4F7-F13D9B92B8A8}.Release|Any CPU.ActiveCfg = Release|Any CPU
		{17E78805-C1B4-4528-B4F7-F13D9B92B8A8}.Release|Any CPU.Build.0 = Release|Any CPU
		{AC23E599-9E13-47EE-9C01-3E99C596C73A}.Debug|Any CPU.ActiveCfg = Debug|Any CPU
		{AC23E599-9E13-47EE-9C01-3E99C596C73A}.Debug|Any CPU.Build.0 = Debug|Any CPU
		{AC23E599-9E13-47EE-9C01-3E99C596C73A}.Release|Any CPU.ActiveCfg = Release|Any CPU
		{AC23E599-9E13-47EE-9C01-3E99C596C73A}.Release|Any CPU.Build.0 = Release|Any CPU
		{EBC3AB30-9F0C-40BA-919E-A63F6F81A912}.Debug|Any CPU.ActiveCfg = Debug|Any CPU
		{EBC3AB30-9F0C-40BA-919E-A63F6F81A912}.Debug|Any CPU.Build.0 = Debug|Any CPU
		{EBC3AB30-9F0C-40BA-919E-A63F6F81A912}.Release|Any CPU.ActiveCfg = Release|Any CPU
		{EBC3AB30-9F0C-40BA-919E-A63F6F81A912}.Release|Any CPU.Build.0 = Release|Any CPU
		{7F8B7D81-A744-48A2-9640-7A119E30180A}.Debug|Any CPU.ActiveCfg = Debug|Any CPU
		{7F8B7D81-A744-48A2-9640-7A119E30180A}.Debug|Any CPU.Build.0 = Debug|Any CPU
		{7F8B7D81-A744-48A2-9640-7A119E30180A}.Release|Any CPU.ActiveCfg = Release|Any CPU
		{7F8B7D81-A744-48A2-9640-7A119E30180A}.Release|Any CPU.Build.0 = Release|Any CPU
		{62B515E7-8962-4173-9381-B7C71920B29E}.Debug|Any CPU.ActiveCfg = Debug|Any CPU
		{62B515E7-8962-4173-9381-B7C71920B29E}.Debug|Any CPU.Build.0 = Debug|Any CPU
		{62B515E7-8962-4173-9381-B7C71920B29E}.Release|Any CPU.ActiveCfg = Release|Any CPU
		{62B515E7-8962-4173-9381-B7C71920B29E}.Release|Any CPU.Build.0 = Release|Any CPU
		{C8D6F162-7454-4A65-8EAD-4AE103279BF8}.Debug|Any CPU.ActiveCfg = Debug|Any CPU
		{C8D6F162-7454-4A65-8EAD-4AE103279BF8}.Debug|Any CPU.Build.0 = Debug|Any CPU
		{C8D6F162-7454-4A65-8EAD-4AE103279BF8}.Release|Any CPU.ActiveCfg = Release|Any CPU
		{C8D6F162-7454-4A65-8EAD-4AE103279BF8}.Release|Any CPU.Build.0 = Release|Any CPU
	EndGlobalSection
	GlobalSection(SolutionProperties) = preSolution
		HideSolutionNode = FALSE
	EndGlobalSection
	GlobalSection(NestedProjects) = preSolution
		{31DAF16B-8F9A-4298-8616-FC981F19840A} = {8485BE9D-F307-4FD8-B306-75E90DEBB988}
		{9FD5F68F-77A7-47B5-9EBC-EAA9FCF47906} = {8485BE9D-F307-4FD8-B306-75E90DEBB988}
		{33DACE6F-D3A9-4439-848B-4B5E7C8483BE} = {8485BE9D-F307-4FD8-B306-75E90DEBB988}
		{F94713DB-26FB-408B-A1F4-A03DBBE530E7} = {8485BE9D-F307-4FD8-B306-75E90DEBB988}
		{9D419A87-B0EA-429D-8AC6-A7063D246F97} = {8485BE9D-F307-4FD8-B306-75E90DEBB988}
		{8DF5F472-82D4-432A-A965-FD2AACDB7255} = {8485BE9D-F307-4FD8-B306-75E90DEBB988}
		{B736F07D-65BC-465D-8F1D-56416C9DC12E} = {8485BE9D-F307-4FD8-B306-75E90DEBB988}
		{DE1918C2-CDED-4ACF-BBBA-D8D40015BAA2} = {8485BE9D-F307-4FD8-B306-75E90DEBB988}
		{C39FA203-579C-4641-84DF-9DB88814DC9F} = {8485BE9D-F307-4FD8-B306-75E90DEBB988}
		{C92895F7-4E05-4883-8D90-9737F12298B8} = {8485BE9D-F307-4FD8-B306-75E90DEBB988}
		{1F3B268B-D2D5-4F74-BA57-636450CE886C} = {C92895F7-4E05-4883-8D90-9737F12298B8}
		{FA8A4C96-4186-43B1-8938-801D6C7600D2} = {C92895F7-4E05-4883-8D90-9737F12298B8}
		{7CDCB91C-FB70-4607-B117-90BEAD8A0E98} = {C92895F7-4E05-4883-8D90-9737F12298B8}
		{78654335-DD18-4C58-97FA-457FB355082E} = {C92895F7-4E05-4883-8D90-9737F12298B8}
		{5A24BBF7-7C10-4572-8CB7-B52B1D2EDB45} = {C92895F7-4E05-4883-8D90-9737F12298B8}
		{4D8EC6DC-142F-4F59-BB30-2B0B9239DA8F} = {C92895F7-4E05-4883-8D90-9737F12298B8}
		{7BC67604-FE5C-4F44-AF39-DD55EE78114D} = {C92895F7-4E05-4883-8D90-9737F12298B8}
		{2B9957ED-1ECD-4BBF-A068-9EAA20933F12} = {C92895F7-4E05-4883-8D90-9737F12298B8}
		{EDDFDB03-6D51-44C5-AB60-987691131A3D} = {C92895F7-4E05-4883-8D90-9737F12298B8}
		{07500782-4435-4894-90D6-D4837BC6D797} = {C92895F7-4E05-4883-8D90-9737F12298B8}
		{51C7DA9C-16CB-4FCA-87F1-F49D1ED3621E} = {C92895F7-4E05-4883-8D90-9737F12298B8}
		{DC41688F-263D-4D5C-BC08-A88CE0078DCE} = {C92895F7-4E05-4883-8D90-9737F12298B8}
		{EF05B39A-DE5D-4B9F-9B03-D4888650E6D0} = {C92895F7-4E05-4883-8D90-9737F12298B8}
		{17E78805-C1B4-4528-B4F7-F13D9B92B8A8} = {C92895F7-4E05-4883-8D90-9737F12298B8}
		{AC23E599-9E13-47EE-9C01-3E99C596C73A} = {C92895F7-4E05-4883-8D90-9737F12298B8}
		{EBC3AB30-9F0C-40BA-919E-A63F6F81A912} = {C92895F7-4E05-4883-8D90-9737F12298B8}
		{7F8B7D81-A744-48A2-9640-7A119E30180A} = {C92895F7-4E05-4883-8D90-9737F12298B8}
		{62B515E7-8962-4173-9381-B7C71920B29E} = {C92895F7-4E05-4883-8D90-9737F12298B8}
		{C8D6F162-7454-4A65-8EAD-4AE103279BF8} = {C92895F7-4E05-4883-8D90-9737F12298B8}
	EndGlobalSection
EndGlobal
