
Microsoft Visual Studio Solution File, Format Version 12.00
# Visual Studio 14
VisualStudioVersion = 14.0.25420.1
MinimumVisualStudioVersion = 10.0.40219.1
Project("{FAE04EC0-301F-11D3-BF4B-00C04F79EFBC}") = "01.CenturiesToMinutes", "02.DataTypes\01.CenturiesToMinutes\01.CenturiesToMinutes.csproj", "{31DAF16B-8F9A-4298-8616-FC981F19840A}"
EndProject
Project("{FAE04EC0-301F-11D3-BF4B-00C04F79EFBC}") = "02.CircleArea", "02.DataTypes\02.CircleArea\02.CircleArea.csproj", "{9FD5F68F-77A7-47B5-9EBC-EAA9FCF47906}"
EndProject
Project("{FAE04EC0-301F-11D3-BF4B-00C04F79EFBC}") = "03.ExactSum", "02.DataTypes\03.ExactSum\03.ExactSum.csproj", "{33DACE6F-D3A9-4439-848B-4B5E7C8483BE}"
EndProject
Project("{FAE04EC0-301F-11D3-BF4B-00C04F79EFBC}") = "04.Elevator", "02.DataTypes\04.Elevator\04.Elevator.csproj", "{F94713DB-26FB-408B-A1F4-A03DBBE530E7}"
EndProject
Project("{FAE04EC0-301F-11D3-BF4B-00C04F79EFBC}") = "05.SpecialNumbers", "02.DataTypes\05.SpecialNumbers\05.SpecialNumbers.csproj", "{9D419A87-B0EA-429D-8AC6-A7063D246F97}"
EndProject
Project("{FAE04EC0-301F-11D3-BF4B-00C04F79EFBC}") = "06.TriplesOfLetters", "02.DataTypes\06.TriplesOfLetters\06.TriplesOfLetters.csproj", "{8DF5F472-82D4-432A-A965-FD2AACDB7255}"
EndProject
Project("{FAE04EC0-301F-11D3-BF4B-00C04F79EFBC}") = "07.Greeting", "02.DataTypes\07.Greeting\07.Greeting.csproj", "{B736F07D-65BC-465D-8F1D-56416C9DC12E}"
EndProject
Project("{FAE04EC0-301F-11D3-BF4B-00C04F79EFBC}") = "08.RefactorVolumeOfPyramid", "02.DataTypes\08.RefactorVolumeOfPyramid\08.RefactorVolumeOfPyramid.csproj", "{DE1918C2-CDED-4ACF-BBBA-D8D40015BAA2}"
EndProject
Project("{FAE04EC0-301F-11D3-BF4B-00C04F79EFBC}") = "09.RefactorSpecialNumbers", "02.DataTypes\09.RefactorSpecialNumbers\09.RefactorSpecialNumbers.csproj", "{C39FA203-579C-4641-84DF-9DB88814DC9F}"
EndProject
Project("{2150E333-8FDC-42A3-9474-1A3956D46DE8}") = "02.DataTypes", "02.DataTypes", "{8485BE9D-F307-4FD8-B306-75E90DEBB988}"
EndProject
Project("{2150E333-8FDC-42A3-9474-1A3956D46DE8}") = "HOMEWORK", "HOMEWORK", "{C92895F7-4E05-4883-8D90-9737F12298B8}"
EndProject
Project("{FAE04EC0-301F-11D3-BF4B-00C04F79EFBC}") = "01.PracticeIntegers", "02.DataTypes\HOMEWORK\01.PracticeIntegers\01.PracticeIntegers.csproj", "{1F3B268B-D2D5-4F74-BA57-636450CE886C}"
EndProject
Project("{FAE04EC0-301F-11D3-BF4B-00C04F79EFBC}") = "02.PracticeFloatingPoints", "02.DataTypes\HOMEWORK\02.PracticeFloatingPoints\02.PracticeFloatingPoints.csproj", "{FA8A4C96-4186-43B1-8938-801D6C7600D2}"
EndProject
Project("{FAE04EC0-301F-11D3-BF4B-00C04F79EFBC}") = "03.PracticeCharsAndStrings", "02.DataTypes\HOMEWORK\03.PracticeCharsAndStrings\03.PracticeCharsAndStrings.csproj", "{7CDCB91C-FB70-4607-B117-90BEAD8A0E98}"
EndProject
Project("{FAE04EC0-301F-11D3-BF4B-00C04F79EFBC}") = "04.VariableinHexFormat", "02.DataTypes\HOMEWORK\04.VariableinHexFormat\04.VariableinHexFormat.csproj", "{78654335-DD18-4C58-97FA-457FB355082E}"
EndProject
Project("{FAE04EC0-301F-11D3-BF4B-00C04F79EFBC}") = "05.BooleanVariable", "02.DataTypes\HOMEWORK\05.BooleanVariable\05.BooleanVariable.csproj", "{5A24BBF7-7C10-4572-8CB7-B52B1D2EDB45}"
EndProject
Project("{FAE04EC0-301F-11D3-BF4B-00C04F79EFBC}") = "06.StringsAndObjects", "02.DataTypes\HOMEWORK\06.StringsAndObjects\06.StringsAndObjects.csproj", "{4D8EC6DC-142F-4F59-BB30-2B0B9239DA8F}"
EndProject
Project("{FAE04EC0-301F-11D3-BF4B-00C04F79EFBC}") = "07.ExchangeVariableValues", "02.DataTypes\HOMEWORK\07.ExchangeVariableValues\07.ExchangeVariableValues.csproj", "{7BC67604-FE5C-4F44-AF39-DD55EE78114D}"
EndProject
Project("{FAE04EC0-301F-11D3-BF4B-00C04F79EFBC}") = "08.EmployeeData", "02.DataTypes\HOMEWORK\08.EmployeeData\08.EmployeeData.csproj", "{2B9957ED-1ECD-4BBF-A068-9EAA20933F12}"
EndProject
Project("{FAE04EC0-301F-11D3-BF4B-00C04F79EFBC}") = "09.ReversedChars", "02.DataTypes\HOMEWORK\09.ReversedChars\09.ReversedChars.csproj", "{EDDFDB03-6D51-44C5-AB60-987691131A3D}"
EndProject
Project("{FAE04EC0-301F-11D3-BF4B-00C04F79EFBC}") = "10.CenturiesToNanoseconds", "02.DataTypes\HOMEWORK\10.CenturiesToNanoseconds\10.CenturiesToNanoseconds.csproj", "{07500782-4435-4894-90D6-D4837BC6D797}"
EndProject
Project("{FAE04EC0-301F-11D3-BF4B-00C04F79EFBC}") = "11.ConvertSpeedUnits", "02.DataTypes\HOMEWORK\11.ConvertSpeedUnits\11.ConvertSpeedUnits.csproj", "{51C7DA9C-16CB-4FCA-87F1-F49D1ED3621E}"
EndProject
Project("{FAE04EC0-301F-11D3-BF4B-00C04F79EFBC}") = "12.RectangleProperties", "02.DataTypes\HOMEWORK\12.RectangleProperties\12.RectangleProperties.csproj", "{DC41688F-263D-4D5C-BC08-A88CE0078DCE}"
EndProject
Project("{FAE04EC0-301F-11D3-BF4B-00C04F79EFBC}") = "13.VowelOrDigit", "02.DataTypes\HOMEWORK\13.VowelOrDigit\13.VowelOrDigit.csproj", "{EF05B39A-DE5D-4B9F-9B03-D4888650E6D0}"
EndProject
Project("{FAE04EC0-301F-11D3-BF4B-00C04F79EFBC}") = "14.IntegerToHexAndBinary", "02.DataTypes\HOMEWORK\14.IntegerToHexAndBinary\14.IntegerToHexAndBinary.csproj", "{17E78805-C1B4-4528-B4F7-F13D9B92B8A8}"
EndProject
Project("{FAE04EC0-301F-11D3-BF4B-00C04F79EFBC}") = "15.FastPrimeChecker", "02.DataTypes\HOMEWORK\15.FastPrimeChecker\15.FastPrimeChecker.csproj", "{AC23E599-9E13-47EE-9C01-3E99C596C73A}"
EndProject
Project("{FAE04EC0-301F-11D3-BF4B-00C04F79EFBC}") = "16.ComparingFloats", "02.DataTypes\HOMEWORK\16.ComparingFloats\16.ComparingFloats.csproj", "{EBC3AB30-9F0C-40BA-919E-A63F6F81A912}"
EndProject
Project("{FAE04EC0-301F-11D3-BF4B-00C04F79EFBC}") = "17.PrintPartOfASCIITable", "02.DataTypes\HOMEWORK\17.PrintPartOfASCIITable\17.PrintPartOfASCIITable.csproj", "{7F8B7D81-A744-48A2-9640-7A119E30180A}"
EndProject
Project("{FAE04EC0-301F-11D3-BF4B-00C04F79EFBC}") = "18.DifferentIntegersSize", "02.DataTypes\HOMEWORK\18.DifferentIntegersSize\18.DifferentIntegersSize.csproj", "{62B515E7-8962-4173-9381-B7C71920B29E}"
EndProject
Project("{FAE04EC0-301F-11D3-BF4B-00C04F79EFBC}") = "19.TheaThePhotographer", "02.DataTypes\HOMEWORK\19.TheaThePhotographer\19.TheaThePhotographer.csproj", "{C8D6F162-7454-4A65-8EAD-4AE103279BF8}"
EndProject
Project("{FAE04EC0-301F-11D3-BF4B-00C04F79EFBC}") = "01.BlankReceipt", "03.MethodsandDebugging\01.BlankReceipt\01.BlankReceipt.csproj", "{7CC9F38C-D6A2-4456-AFBE-45E25C35BB4B}"
EndProject
Project("{FAE04EC0-301F-11D3-BF4B-00C04F79EFBC}") = "02.SignOfIntegerNumber", "03.MethodsandDebugging\02.SignOfIntegerNumber\02.SignOfIntegerNumber.csproj", "{8FBB1A6B-7BDB-4E97-90B5-5A9B7C7DDF84}"
EndProject
Project("{FAE04EC0-301F-11D3-BF4B-00C04F79EFBC}") = "03.PrintingTriangle", "03.MethodsandDebugging\03.PrintingTriangle\03.PrintingTriangle.csproj", "{C0F58715-DC8E-4D0C-842B-60D283413555}"
EndProject
Project("{FAE04EC0-301F-11D3-BF4B-00C04F79EFBC}") = "04.DrawAFilledSquare", "03.MethodsandDebugging\04.DrawAFilledSquare\04.DrawAFilledSquare.csproj", "{B1787CA1-D231-47CE-9C2D-37BB964282AC}"
EndProject
Project("{2150E333-8FDC-42A3-9474-1A3956D46DE8}") = "03.MethodsAndDebugging", "03.MethodsAndDebugging", "{8BC735C7-6C55-4C3C-A848-A64C74DB94D2}"
EndProject
Project("{FAE04EC0-301F-11D3-BF4B-00C04F79EFBC}") = "05.CalculateTriangleArea", "03.MethodsandDebugging\05.CalculateTriangleArea\05.CalculateTriangleArea.csproj", "{5B21B388-6E75-40D3-80B9-6E2A91550608}"
EndProject
Project("{FAE04EC0-301F-11D3-BF4B-00C04F79EFBC}") = "06.MathPower", "03.MethodsandDebugging\06.MathPower\06.MathPower.csproj", "{1997800E-EA90-4EA6-9272-8A2149201BA8}"
EndProject
Project("{FAE04EC0-301F-11D3-BF4B-00C04F79EFBC}") = "07.GreaterOfTwoValues", "03.MethodsandDebugging\07.GreaterOfTwoValues\07.GreaterOfTwoValues.csproj", "{1F94524A-94F7-4572-B387-7C4EF277C781}"
EndProject
Project("{FAE04EC0-301F-11D3-BF4B-00C04F79EFBC}") = "08.MultiplyEvensByOdds", "03.MethodsandDebugging\08.MultiplyEvensByOdds\08.MultiplyEvensByOdds.csproj", "{DA15C1CE-B5C1-4E94-96CC-911C3C2BA8B0}"
EndProject
Project("{FAE04EC0-301F-11D3-BF4B-00C04F79EFBC}") = "09.HolidaysBetweenTwoDates", "03.MethodsandDebugging\09.HolidaysBetweenTwoDates\09.HolidaysBetweenTwoDates.csproj", "{9B3DCC2F-3CA8-4F29-9A10-118833E53A10}"
EndProject
Project("{FAE04EC0-301F-11D3-BF4B-00C04F79EFBC}") = "10.PriceChangeAlert", "03.MethodsandDebugging\10.PriceChangeAlert\10.PriceChangeAlert.csproj", "{9186671B-CB2A-440A-A95D-9D42D7B368E8}"
EndProject
Project("{2150E333-8FDC-42A3-9474-1A3956D46DE8}") = "HOMEWORK", "HOMEWORK", "{1268DD15-4F93-4DD2-96B0-DC0A240E4778}"
EndProject
Project("{FAE04EC0-301F-11D3-BF4B-00C04F79EFBC}") = "01.HelloName!", "03.MethodsandDebugging\HOMEWORK\01.HelloName!\01.HelloName!.csproj", "{FB48AAE1-C6F8-45E4-8774-331714F11504}"
EndProject
Project("{FAE04EC0-301F-11D3-BF4B-00C04F79EFBC}") = "02.MaxMethod", "03.MethodsandDebugging\HOMEWORK\02.MaxMethod\02.MaxMethod.csproj", "{03DBF5B8-9C67-47D5-825D-44FBBF43D470}"
EndProject
Project("{FAE04EC0-301F-11D3-BF4B-00C04F79EFBC}") = "03.EnglishNameOfLastDigit", "03.MethodsandDebugging\HOMEWORK\03.EnglishNameOfLastDigit\03.EnglishNameOfLastDigit.csproj", "{89C044D3-15D6-418B-89BF-18B0CEDEAC3F}"
EndProject
Project("{FAE04EC0-301F-11D3-BF4B-00C04F79EFBC}") = "04.NumbersInReversedOrder", "03.MethodsandDebugging\HOMEWORK\04.NumbersInReversedOrder\04.NumbersInReversedOrder.csproj", "{6AC0802B-F3E3-4702-927D-2A657B23D23F}"
EndProject
Project("{FAE04EC0-301F-11D3-BF4B-00C04F79EFBC}") = "05.FibonacciNumbers", "03.MethodsandDebugging\HOMEWORK\05.FibonacciNumbers\05.FibonacciNumbers.csproj", "{985F2EFB-7ABA-4650-8046-910E307F6111}"
EndProject
Project("{FAE04EC0-301F-11D3-BF4B-00C04F79EFBC}") = "06.PrimeChecker", "03.MethodsandDebugging\HOMEWORK\06.PrimeChecker\06.PrimeChecker.csproj", "{32D1B3CD-BE51-4D70-94BC-AAFFB7E7A3EA}"
EndProject
Project("{FAE04EC0-301F-11D3-BF4B-00C04F79EFBC}") = "07.PrimesInGivenRange", "03.MethodsandDebugging\HOMEWORK\07.PrimesInGivenRange\07.PrimesInGivenRange.csproj", "{E2423C76-7C13-4EEA-BBF3-DB6FF55D6778}"
EndProject
Project("{FAE04EC0-301F-11D3-BF4B-00C04F79EFBC}") = "08.CenterPoint", "03.MethodsandDebugging\HOMEWORK\08.CenterPoint\08.CenterPoint.csproj", "{F01090D9-0C8A-4861-AC8A-8D31E89A25B5}"
EndProject
Project("{FAE04EC0-301F-11D3-BF4B-00C04F79EFBC}") = "01.MultiplyEvensByOdds", "DebuggingAndTroubleshooting\01.MultiplyEvensByOdds\01.MultiplyEvensByOdds.csproj", "{9114030A-E68A-48C2-89E3-E1C7DCDF4D58}"
EndProject
Project("{FAE04EC0-301F-11D3-BF4B-00C04F79EFBC}") = "02.HolidaysBetweenTwoDates", "DebuggingAndTroubleshooting\02.HolidaysBetweenTwoDates\02.HolidaysBetweenTwoDates.csproj", "{FB6CBAB8-C053-4B90-A55E-B968CAED308A}"
EndProject
Project("{FAE04EC0-301F-11D3-BF4B-00C04F79EFBC}") = "03.PriceChangeAlert", "DebuggingAndTroubleshooting\03.PriceChangeAlert\03.PriceChangeAlert.csproj", "{A581E938-D211-4A12-BA33-ABD47C7CE32F}"
EndProject
Project("{2150E333-8FDC-42A3-9474-1A3956D46DE8}") = "DebuggingAndTroubleshooting", "DebuggingAndTroubleshooting", "{01E61DA3-D9F1-4CAE-AE9F-F3359F45173E}"
EndProject
Project("{2150E333-8FDC-42A3-9474-1A3956D46DE8}") = "HOMEWORK", "HOMEWORK", "{484C522A-C8A0-4AE5-83D1-F3474271B04C}"
EndProject
Project("{FAE04EC0-301F-11D3-BF4B-00C04F79EFBC}") = "01.TrickyStrings", "DebuggingAndTroubleshooting\HOMEWORK\01.TrickyStrings\01.TrickyStrings.csproj", "{1A55AE7E-86C6-4B09-AC3E-93DDBC5DF9D7}"
EndProject
Project("{FAE04EC0-301F-11D3-BF4B-00C04F79EFBC}") = "02.TriangleFormations", "DebuggingAndTroubleshooting\HOMEWORK\02.TriangleFormations\02.TriangleFormations.csproj", "{69E0795C-1E74-4700-B295-54D22557D00A}"
EndProject
Project("{FAE04EC0-301F-11D3-BF4B-00C04F79EFBC}") = "03.Tetris", "DebuggingAndTroubleshooting\HOMEWORK\03.Tetris\03.Tetris.csproj", "{D43DEDF6-1850-420B-BE91-C7D9AA6678E5}"
EndProject
Project("{FAE04EC0-301F-11D3-BF4B-00C04F79EFBC}") = "04.MiningCoins", "DebuggingAndTroubleshooting\HOMEWORK\04.MiningCoins\04.MiningCoins.csproj", "{7901B690-7E1B-40CC-A45C-80DD2F869B00}"
EndProject
Project("{FAE04EC0-301F-11D3-BF4B-00C04F79EFBC}") = "01.SumArrayElements", "04.Arrays\01.SumArrayElements\01.SumArrayElements.csproj", "{85D8DA68-A745-4A19-8E8D-1C954DB80B1D}"
EndProject
Project("{FAE04EC0-301F-11D3-BF4B-00C04F79EFBC}") = "02.MultiplyAnArrayOfDoubles", "04.Arrays\02.MultiplyAnArrayOfDoubles\02.MultiplyAnArrayOfDoubles.csproj", "{37EA0C20-FB40-477A-9E61-248F1AFA7923}"
EndProject
Project("{FAE04EC0-301F-11D3-BF4B-00C04F79EFBC}") = "03.SmallestElementInArray", "04.Arrays\03.SmallestElementInArray\03.SmallestElementInArray.csproj", "{F1AF7833-CA63-4072-9453-F40E2E4EA12B}"
EndProject
Project("{FAE04EC0-301F-11D3-BF4B-00C04F79EFBC}") = "04.RotateArrayOfStrings", "04.Arrays\04.RotateArrayOfStrings\04.RotateArrayOfStrings.csproj", "{336209ED-B0CF-4179-8BAE-81B7066B7509}"
EndProject
Project("{FAE04EC0-301F-11D3-BF4B-00C04F79EFBC}") = "05.CountOfOddNumbersInArray", "04.Arrays\05.CountOfOddNumbersInArray\05.CountOfOddNumbersInArray.csproj", "{7C1A5C72-05AA-48A1-AD9D-17C03EEFA830}"
EndProject
Project("{2150E333-8FDC-42A3-9474-1A3956D46DE8}") = "04.Arrays", "04.Arrays", "{EFE5801A-036A-4416-86E1-5CB750C5DFD3}"
EndProject
Project("{FAE04EC0-301F-11D3-BF4B-00C04F79EFBC}") = "06.OddNumbersAtOddPositions", "04.Arrays\06.OddNumbersAtOddPositions\06.OddNumbersAtOddPositions.csproj", "{D05B38C2-9E7A-4B39-A94D-156AFC3F0D01}"
EndProject
Project("{FAE04EC0-301F-11D3-BF4B-00C04F79EFBC}") = "01.LargestElementInArray", "04.Arrays\HOMEWORK\01.LargestElementInArray\01.LargestElementInArray.csproj", "{3DC5EF91-2E51-4BCF-BBD7-3C3136A0EB8C}"
EndProject
Project("{2150E333-8FDC-42A3-9474-1A3956D46DE8}") = "HOMEWORK", "HOMEWORK", "{ED12A8F9-F5F7-4FE2-A040-B2D2A03857A2}"
EndProject
Project("{FAE04EC0-301F-11D3-BF4B-00C04F79EFBC}") = "02.CountOfNegativeElementsInArray", "04.Arrays\HOMEWORK\02.CountOfNegativeElementsInArray\02.CountOfNegativeElementsInArray.csproj", "{A840A734-DD8D-4E77-9A9C-21CCDC4B2964}"
EndProject
Project("{FAE04EC0-301F-11D3-BF4B-00C04F79EFBC}") = "03.CountOfGivenElementInArray", "04.Arrays\HOMEWORK\03.CountOfGivenElementInArray\03.CountOfGivenElementInArray.csproj", "{CA9FC82F-C7A1-4457-810E-EAF38BDEEFF8}"
EndProject
Project("{FAE04EC0-301F-11D3-BF4B-00C04F79EFBC}") = "05.IncreasingSequenceOfElements", "04.Arrays\HOMEWORK\05.IncreasingSequenceOfElements\05.IncreasingSequenceOfElements.csproj", "{2C2478AF-C9F6-41DB-91C0-9CA57FFC930D}"
EndProject
Project("{FAE04EC0-301F-11D3-BF4B-00C04F79EFBC}") = "04.CountOfLargerNumbers", "04.Arrays\HOMEWORK\04.CountOfLargerNumbers\04.CountOfLargerNumbers.csproj", "{2EA470BD-2986-40AF-80E6-CCAAA956FC6F}"
EndProject
Project("{FAE04EC0-301F-11D3-BF4B-00C04F79EFBC}") = "06.EqualSequenceOfElementsInArray", "04.Arrays\HOMEWORK\06.EqualSequenceOfElementsInArray\06.EqualSequenceOfElementsInArray.csproj", "{8A402096-B4B7-4DF2-BAA3-94E1F359F3CF}"
EndProject
Project("{FAE04EC0-301F-11D3-BF4B-00C04F79EFBC}") = "07.CountOfCapitalLettersInArray", "04.Arrays\HOMEWORK\07.CountOfCapitalLettersInArray\07.CountOfCapitalLettersInArray.csproj", "{90A1E00B-2D1D-47C5-9EE4-C66C7DA5E8DC}"
EndProject
Project("{FAE04EC0-301F-11D3-BF4B-00C04F79EFBC}") = "08.ArraySymmetry", "04.Arrays\HOMEWORK\08.ArraySymmetry\08.ArraySymmetry.csproj", "{09E16C02-79D6-4653-A9C5-A1D7A4B33ABB}"
EndProject
Project("{FAE04EC0-301F-11D3-BF4B-00C04F79EFBC}") = "09.Altitude", "04.Arrays\HOMEWORK\09.Altitude\09.Altitude.csproj", "{42D365E4-29AE-4DF8-A0D2-1CABF71A9E07}"
EndProject
Project("{FAE04EC0-301F-11D3-BF4B-00C04F79EFBC}") = "10.BallisticsTraining", "04.Arrays\HOMEWORK\10.BallisticsTraining\10.BallisticsTraining.csproj", "{C9F63246-0AB1-4DDC-A7D8-E9315BADA872}"
EndProject
Project("{FAE04EC0-301F-11D3-BF4B-00C04F79EFBC}") = "03.Phonebook", "04.Arrays\MORE HOMEWORK\03.Phonebook\03.Phonebook.csproj", "{0B6A7C3F-29D6-47CA-9C8E-1B4852E39A35}"
EndProject
Project("{2150E333-8FDC-42A3-9474-1A3956D46DE8}") = "MORE HOMEWORK", "MORE HOMEWORK", "{42F5BFE1-1FBC-41C1-97A1-5442E246CA24}"
EndProject
Project("{FAE04EC0-301F-11D3-BF4B-00C04F79EFBC}") = "01.Last3ConsecutiveEqualStrings", "04.Arrays\MORE HOMEWORK\01.Last3ConsecutiveEqualStrings\01.Last3ConsecutiveEqualStrings.csproj", "{6CEA234D-6EC3-4001-A56D-BD845444BEAD}"
EndProject
Project("{FAE04EC0-301F-11D3-BF4B-00C04F79EFBC}") = "02.ElementsEqualToTheirIndex", "04.Arrays\MORE HOMEWORK\02.ElementsEqualToTheirIndex\02.ElementsEqualToTheirIndex.csproj", "{985D93CD-7115-4D1F-A526-BC78A0E520C2}"
EndProject
Project("{FAE04EC0-301F-11D3-BF4B-00C04F79EFBC}") = "04.Phone", "04.Arrays\MORE HOMEWORK\04.Phone\04.Phone.csproj", "{9C23A71D-91BE-4E16-AE70-1C5834C2865C}"
EndProject
Global
	GlobalSection(SolutionConfigurationPlatforms) = preSolution
		Debug|Any CPU = Debug|Any CPU
		Release|Any CPU = Release|Any CPU
	EndGlobalSection
	GlobalSection(ProjectConfigurationPlatforms) = postSolution
		{31DAF16B-8F9A-4298-8616-FC981F19840A}.Debug|Any CPU.ActiveCfg = Debug|Any CPU
		{31DAF16B-8F9A-4298-8616-FC981F19840A}.Debug|Any CPU.Build.0 = Debug|Any CPU
		{31DAF16B-8F9A-4298-8616-FC981F19840A}.Release|Any CPU.ActiveCfg = Release|Any CPU
		{31DAF16B-8F9A-4298-8616-FC981F19840A}.Release|Any CPU.Build.0 = Release|Any CPU
		{9FD5F68F-77A7-47B5-9EBC-EAA9FCF47906}.Debug|Any CPU.ActiveCfg = Debug|Any CPU
		{9FD5F68F-77A7-47B5-9EBC-EAA9FCF47906}.Debug|Any CPU.Build.0 = Debug|Any CPU
		{9FD5F68F-77A7-47B5-9EBC-EAA9FCF47906}.Release|Any CPU.ActiveCfg = Release|Any CPU
		{9FD5F68F-77A7-47B5-9EBC-EAA9FCF47906}.Release|Any CPU.Build.0 = Release|Any CPU
		{33DACE6F-D3A9-4439-848B-4B5E7C8483BE}.Debug|Any CPU.ActiveCfg = Debug|Any CPU
		{33DACE6F-D3A9-4439-848B-4B5E7C8483BE}.Debug|Any CPU.Build.0 = Debug|Any CPU
		{33DACE6F-D3A9-4439-848B-4B5E7C8483BE}.Release|Any CPU.ActiveCfg = Release|Any CPU
		{33DACE6F-D3A9-4439-848B-4B5E7C8483BE}.Release|Any CPU.Build.0 = Release|Any CPU
		{F94713DB-26FB-408B-A1F4-A03DBBE530E7}.Debug|Any CPU.ActiveCfg = Debug|Any CPU
		{F94713DB-26FB-408B-A1F4-A03DBBE530E7}.Debug|Any CPU.Build.0 = Debug|Any CPU
		{F94713DB-26FB-408B-A1F4-A03DBBE530E7}.Release|Any CPU.ActiveCfg = Release|Any CPU
		{F94713DB-26FB-408B-A1F4-A03DBBE530E7}.Release|Any CPU.Build.0 = Release|Any CPU
		{9D419A87-B0EA-429D-8AC6-A7063D246F97}.Debug|Any CPU.ActiveCfg = Debug|Any CPU
		{9D419A87-B0EA-429D-8AC6-A7063D246F97}.Debug|Any CPU.Build.0 = Debug|Any CPU
		{9D419A87-B0EA-429D-8AC6-A7063D246F97}.Release|Any CPU.ActiveCfg = Release|Any CPU
		{9D419A87-B0EA-429D-8AC6-A7063D246F97}.Release|Any CPU.Build.0 = Release|Any CPU
		{8DF5F472-82D4-432A-A965-FD2AACDB7255}.Debug|Any CPU.ActiveCfg = Debug|Any CPU
		{8DF5F472-82D4-432A-A965-FD2AACDB7255}.Debug|Any CPU.Build.0 = Debug|Any CPU
		{8DF5F472-82D4-432A-A965-FD2AACDB7255}.Release|Any CPU.ActiveCfg = Release|Any CPU
		{8DF5F472-82D4-432A-A965-FD2AACDB7255}.Release|Any CPU.Build.0 = Release|Any CPU
		{B736F07D-65BC-465D-8F1D-56416C9DC12E}.Debug|Any CPU.ActiveCfg = Debug|Any CPU
		{B736F07D-65BC-465D-8F1D-56416C9DC12E}.Debug|Any CPU.Build.0 = Debug|Any CPU
		{B736F07D-65BC-465D-8F1D-56416C9DC12E}.Release|Any CPU.ActiveCfg = Release|Any CPU
		{B736F07D-65BC-465D-8F1D-56416C9DC12E}.Release|Any CPU.Build.0 = Release|Any CPU
		{DE1918C2-CDED-4ACF-BBBA-D8D40015BAA2}.Debug|Any CPU.ActiveCfg = Debug|Any CPU
		{DE1918C2-CDED-4ACF-BBBA-D8D40015BAA2}.Debug|Any CPU.Build.0 = Debug|Any CPU
		{DE1918C2-CDED-4ACF-BBBA-D8D40015BAA2}.Release|Any CPU.ActiveCfg = Release|Any CPU
		{DE1918C2-CDED-4ACF-BBBA-D8D40015BAA2}.Release|Any CPU.Build.0 = Release|Any CPU
		{C39FA203-579C-4641-84DF-9DB88814DC9F}.Debug|Any CPU.ActiveCfg = Debug|Any CPU
		{C39FA203-579C-4641-84DF-9DB88814DC9F}.Debug|Any CPU.Build.0 = Debug|Any CPU
		{C39FA203-579C-4641-84DF-9DB88814DC9F}.Release|Any CPU.ActiveCfg = Release|Any CPU
		{C39FA203-579C-4641-84DF-9DB88814DC9F}.Release|Any CPU.Build.0 = Release|Any CPU
		{1F3B268B-D2D5-4F74-BA57-636450CE886C}.Debug|Any CPU.ActiveCfg = Debug|Any CPU
		{1F3B268B-D2D5-4F74-BA57-636450CE886C}.Debug|Any CPU.Build.0 = Debug|Any CPU
		{1F3B268B-D2D5-4F74-BA57-636450CE886C}.Release|Any CPU.ActiveCfg = Release|Any CPU
		{1F3B268B-D2D5-4F74-BA57-636450CE886C}.Release|Any CPU.Build.0 = Release|Any CPU
		{FA8A4C96-4186-43B1-8938-801D6C7600D2}.Debug|Any CPU.ActiveCfg = Debug|Any CPU
		{FA8A4C96-4186-43B1-8938-801D6C7600D2}.Debug|Any CPU.Build.0 = Debug|Any CPU
		{FA8A4C96-4186-43B1-8938-801D6C7600D2}.Release|Any CPU.ActiveCfg = Release|Any CPU
		{FA8A4C96-4186-43B1-8938-801D6C7600D2}.Release|Any CPU.Build.0 = Release|Any CPU
		{7CDCB91C-FB70-4607-B117-90BEAD8A0E98}.Debug|Any CPU.ActiveCfg = Debug|Any CPU
		{7CDCB91C-FB70-4607-B117-90BEAD8A0E98}.Debug|Any CPU.Build.0 = Debug|Any CPU
		{7CDCB91C-FB70-4607-B117-90BEAD8A0E98}.Release|Any CPU.ActiveCfg = Release|Any CPU
		{7CDCB91C-FB70-4607-B117-90BEAD8A0E98}.Release|Any CPU.Build.0 = Release|Any CPU
		{78654335-DD18-4C58-97FA-457FB355082E}.Debug|Any CPU.ActiveCfg = Debug|Any CPU
		{78654335-DD18-4C58-97FA-457FB355082E}.Debug|Any CPU.Build.0 = Debug|Any CPU
		{78654335-DD18-4C58-97FA-457FB355082E}.Release|Any CPU.ActiveCfg = Release|Any CPU
		{78654335-DD18-4C58-97FA-457FB355082E}.Release|Any CPU.Build.0 = Release|Any CPU
		{5A24BBF7-7C10-4572-8CB7-B52B1D2EDB45}.Debug|Any CPU.ActiveCfg = Debug|Any CPU
		{5A24BBF7-7C10-4572-8CB7-B52B1D2EDB45}.Debug|Any CPU.Build.0 = Debug|Any CPU
		{5A24BBF7-7C10-4572-8CB7-B52B1D2EDB45}.Release|Any CPU.ActiveCfg = Release|Any CPU
		{5A24BBF7-7C10-4572-8CB7-B52B1D2EDB45}.Release|Any CPU.Build.0 = Release|Any CPU
		{4D8EC6DC-142F-4F59-BB30-2B0B9239DA8F}.Debug|Any CPU.ActiveCfg = Debug|Any CPU
		{4D8EC6DC-142F-4F59-BB30-2B0B9239DA8F}.Debug|Any CPU.Build.0 = Debug|Any CPU
		{4D8EC6DC-142F-4F59-BB30-2B0B9239DA8F}.Release|Any CPU.ActiveCfg = Release|Any CPU
		{4D8EC6DC-142F-4F59-BB30-2B0B9239DA8F}.Release|Any CPU.Build.0 = Release|Any CPU
		{7BC67604-FE5C-4F44-AF39-DD55EE78114D}.Debug|Any CPU.ActiveCfg = Debug|Any CPU
		{7BC67604-FE5C-4F44-AF39-DD55EE78114D}.Debug|Any CPU.Build.0 = Debug|Any CPU
		{7BC67604-FE5C-4F44-AF39-DD55EE78114D}.Release|Any CPU.ActiveCfg = Release|Any CPU
		{7BC67604-FE5C-4F44-AF39-DD55EE78114D}.Release|Any CPU.Build.0 = Release|Any CPU
		{2B9957ED-1ECD-4BBF-A068-9EAA20933F12}.Debug|Any CPU.ActiveCfg = Debug|Any CPU
		{2B9957ED-1ECD-4BBF-A068-9EAA20933F12}.Debug|Any CPU.Build.0 = Debug|Any CPU
		{2B9957ED-1ECD-4BBF-A068-9EAA20933F12}.Release|Any CPU.ActiveCfg = Release|Any CPU
		{2B9957ED-1ECD-4BBF-A068-9EAA20933F12}.Release|Any CPU.Build.0 = Release|Any CPU
		{EDDFDB03-6D51-44C5-AB60-987691131A3D}.Debug|Any CPU.ActiveCfg = Debug|Any CPU
		{EDDFDB03-6D51-44C5-AB60-987691131A3D}.Debug|Any CPU.Build.0 = Debug|Any CPU
		{EDDFDB03-6D51-44C5-AB60-987691131A3D}.Release|Any CPU.ActiveCfg = Release|Any CPU
		{EDDFDB03-6D51-44C5-AB60-987691131A3D}.Release|Any CPU.Build.0 = Release|Any CPU
		{07500782-4435-4894-90D6-D4837BC6D797}.Debug|Any CPU.ActiveCfg = Debug|Any CPU
		{07500782-4435-4894-90D6-D4837BC6D797}.Debug|Any CPU.Build.0 = Debug|Any CPU
		{07500782-4435-4894-90D6-D4837BC6D797}.Release|Any CPU.ActiveCfg = Release|Any CPU
		{07500782-4435-4894-90D6-D4837BC6D797}.Release|Any CPU.Build.0 = Release|Any CPU
		{51C7DA9C-16CB-4FCA-87F1-F49D1ED3621E}.Debug|Any CPU.ActiveCfg = Debug|Any CPU
		{51C7DA9C-16CB-4FCA-87F1-F49D1ED3621E}.Debug|Any CPU.Build.0 = Debug|Any CPU
		{51C7DA9C-16CB-4FCA-87F1-F49D1ED3621E}.Release|Any CPU.ActiveCfg = Release|Any CPU
		{51C7DA9C-16CB-4FCA-87F1-F49D1ED3621E}.Release|Any CPU.Build.0 = Release|Any CPU
		{DC41688F-263D-4D5C-BC08-A88CE0078DCE}.Debug|Any CPU.ActiveCfg = Debug|Any CPU
		{DC41688F-263D-4D5C-BC08-A88CE0078DCE}.Debug|Any CPU.Build.0 = Debug|Any CPU
		{DC41688F-263D-4D5C-BC08-A88CE0078DCE}.Release|Any CPU.ActiveCfg = Release|Any CPU
		{DC41688F-263D-4D5C-BC08-A88CE0078DCE}.Release|Any CPU.Build.0 = Release|Any CPU
		{EF05B39A-DE5D-4B9F-9B03-D4888650E6D0}.Debug|Any CPU.ActiveCfg = Debug|Any CPU
		{EF05B39A-DE5D-4B9F-9B03-D4888650E6D0}.Debug|Any CPU.Build.0 = Debug|Any CPU
		{EF05B39A-DE5D-4B9F-9B03-D4888650E6D0}.Release|Any CPU.ActiveCfg = Release|Any CPU
		{EF05B39A-DE5D-4B9F-9B03-D4888650E6D0}.Release|Any CPU.Build.0 = Release|Any CPU
		{17E78805-C1B4-4528-B4F7-F13D9B92B8A8}.Debug|Any CPU.ActiveCfg = Debug|Any CPU
		{17E78805-C1B4-4528-B4F7-F13D9B92B8A8}.Debug|Any CPU.Build.0 = Debug|Any CPU
		{17E78805-C1B4-4528-B4F7-F13D9B92B8A8}.Release|Any CPU.ActiveCfg = Release|Any CPU
		{17E78805-C1B4-4528-B4F7-F13D9B92B8A8}.Release|Any CPU.Build.0 = Release|Any CPU
		{AC23E599-9E13-47EE-9C01-3E99C596C73A}.Debug|Any CPU.ActiveCfg = Debug|Any CPU
		{AC23E599-9E13-47EE-9C01-3E99C596C73A}.Debug|Any CPU.Build.0 = Debug|Any CPU
		{AC23E599-9E13-47EE-9C01-3E99C596C73A}.Release|Any CPU.ActiveCfg = Release|Any CPU
		{AC23E599-9E13-47EE-9C01-3E99C596C73A}.Release|Any CPU.Build.0 = Release|Any CPU
		{EBC3AB30-9F0C-40BA-919E-A63F6F81A912}.Debug|Any CPU.ActiveCfg = Debug|Any CPU
		{EBC3AB30-9F0C-40BA-919E-A63F6F81A912}.Debug|Any CPU.Build.0 = Debug|Any CPU
		{EBC3AB30-9F0C-40BA-919E-A63F6F81A912}.Release|Any CPU.ActiveCfg = Release|Any CPU
		{EBC3AB30-9F0C-40BA-919E-A63F6F81A912}.Release|Any CPU.Build.0 = Release|Any CPU
		{7F8B7D81-A744-48A2-9640-7A119E30180A}.Debug|Any CPU.ActiveCfg = Debug|Any CPU
		{7F8B7D81-A744-48A2-9640-7A119E30180A}.Debug|Any CPU.Build.0 = Debug|Any CPU
		{7F8B7D81-A744-48A2-9640-7A119E30180A}.Release|Any CPU.ActiveCfg = Release|Any CPU
		{7F8B7D81-A744-48A2-9640-7A119E30180A}.Release|Any CPU.Build.0 = Release|Any CPU
		{62B515E7-8962-4173-9381-B7C71920B29E}.Debug|Any CPU.ActiveCfg = Debug|Any CPU
		{62B515E7-8962-4173-9381-B7C71920B29E}.Debug|Any CPU.Build.0 = Debug|Any CPU
		{62B515E7-8962-4173-9381-B7C71920B29E}.Release|Any CPU.ActiveCfg = Release|Any CPU
		{62B515E7-8962-4173-9381-B7C71920B29E}.Release|Any CPU.Build.0 = Release|Any CPU
		{C8D6F162-7454-4A65-8EAD-4AE103279BF8}.Debug|Any CPU.ActiveCfg = Debug|Any CPU
		{C8D6F162-7454-4A65-8EAD-4AE103279BF8}.Debug|Any CPU.Build.0 = Debug|Any CPU
		{C8D6F162-7454-4A65-8EAD-4AE103279BF8}.Release|Any CPU.ActiveCfg = Release|Any CPU
		{C8D6F162-7454-4A65-8EAD-4AE103279BF8}.Release|Any CPU.Build.0 = Release|Any CPU
		{7CC9F38C-D6A2-4456-AFBE-45E25C35BB4B}.Debug|Any CPU.ActiveCfg = Debug|Any CPU
		{7CC9F38C-D6A2-4456-AFBE-45E25C35BB4B}.Debug|Any CPU.Build.0 = Debug|Any CPU
		{7CC9F38C-D6A2-4456-AFBE-45E25C35BB4B}.Release|Any CPU.ActiveCfg = Release|Any CPU
		{7CC9F38C-D6A2-4456-AFBE-45E25C35BB4B}.Release|Any CPU.Build.0 = Release|Any CPU
		{8FBB1A6B-7BDB-4E97-90B5-5A9B7C7DDF84}.Debug|Any CPU.ActiveCfg = Debug|Any CPU
		{8FBB1A6B-7BDB-4E97-90B5-5A9B7C7DDF84}.Debug|Any CPU.Build.0 = Debug|Any CPU
		{8FBB1A6B-7BDB-4E97-90B5-5A9B7C7DDF84}.Release|Any CPU.ActiveCfg = Release|Any CPU
		{8FBB1A6B-7BDB-4E97-90B5-5A9B7C7DDF84}.Release|Any CPU.Build.0 = Release|Any CPU
		{C0F58715-DC8E-4D0C-842B-60D283413555}.Debug|Any CPU.ActiveCfg = Debug|Any CPU
		{C0F58715-DC8E-4D0C-842B-60D283413555}.Debug|Any CPU.Build.0 = Debug|Any CPU
		{C0F58715-DC8E-4D0C-842B-60D283413555}.Release|Any CPU.ActiveCfg = Release|Any CPU
		{C0F58715-DC8E-4D0C-842B-60D283413555}.Release|Any CPU.Build.0 = Release|Any CPU
		{B1787CA1-D231-47CE-9C2D-37BB964282AC}.Debug|Any CPU.ActiveCfg = Debug|Any CPU
		{B1787CA1-D231-47CE-9C2D-37BB964282AC}.Debug|Any CPU.Build.0 = Debug|Any CPU
		{B1787CA1-D231-47CE-9C2D-37BB964282AC}.Release|Any CPU.ActiveCfg = Release|Any CPU
		{B1787CA1-D231-47CE-9C2D-37BB964282AC}.Release|Any CPU.Build.0 = Release|Any CPU
		{5B21B388-6E75-40D3-80B9-6E2A91550608}.Debug|Any CPU.ActiveCfg = Debug|Any CPU
		{5B21B388-6E75-40D3-80B9-6E2A91550608}.Debug|Any CPU.Build.0 = Debug|Any CPU
		{5B21B388-6E75-40D3-80B9-6E2A91550608}.Release|Any CPU.ActiveCfg = Release|Any CPU
		{5B21B388-6E75-40D3-80B9-6E2A91550608}.Release|Any CPU.Build.0 = Release|Any CPU
		{1997800E-EA90-4EA6-9272-8A2149201BA8}.Debug|Any CPU.ActiveCfg = Debug|Any CPU
		{1997800E-EA90-4EA6-9272-8A2149201BA8}.Debug|Any CPU.Build.0 = Debug|Any CPU
		{1997800E-EA90-4EA6-9272-8A2149201BA8}.Release|Any CPU.ActiveCfg = Release|Any CPU
		{1997800E-EA90-4EA6-9272-8A2149201BA8}.Release|Any CPU.Build.0 = Release|Any CPU
		{1F94524A-94F7-4572-B387-7C4EF277C781}.Debug|Any CPU.ActiveCfg = Debug|Any CPU
		{1F94524A-94F7-4572-B387-7C4EF277C781}.Debug|Any CPU.Build.0 = Debug|Any CPU
		{1F94524A-94F7-4572-B387-7C4EF277C781}.Release|Any CPU.ActiveCfg = Release|Any CPU
		{1F94524A-94F7-4572-B387-7C4EF277C781}.Release|Any CPU.Build.0 = Release|Any CPU
		{DA15C1CE-B5C1-4E94-96CC-911C3C2BA8B0}.Debug|Any CPU.ActiveCfg = Debug|Any CPU
		{DA15C1CE-B5C1-4E94-96CC-911C3C2BA8B0}.Debug|Any CPU.Build.0 = Debug|Any CPU
		{DA15C1CE-B5C1-4E94-96CC-911C3C2BA8B0}.Release|Any CPU.ActiveCfg = Release|Any CPU
		{DA15C1CE-B5C1-4E94-96CC-911C3C2BA8B0}.Release|Any CPU.Build.0 = Release|Any CPU
		{9B3DCC2F-3CA8-4F29-9A10-118833E53A10}.Debug|Any CPU.ActiveCfg = Debug|Any CPU
		{9B3DCC2F-3CA8-4F29-9A10-118833E53A10}.Debug|Any CPU.Build.0 = Debug|Any CPU
		{9B3DCC2F-3CA8-4F29-9A10-118833E53A10}.Release|Any CPU.ActiveCfg = Release|Any CPU
		{9B3DCC2F-3CA8-4F29-9A10-118833E53A10}.Release|Any CPU.Build.0 = Release|Any CPU
		{9186671B-CB2A-440A-A95D-9D42D7B368E8}.Debug|Any CPU.ActiveCfg = Debug|Any CPU
		{9186671B-CB2A-440A-A95D-9D42D7B368E8}.Debug|Any CPU.Build.0 = Debug|Any CPU
		{9186671B-CB2A-440A-A95D-9D42D7B368E8}.Release|Any CPU.ActiveCfg = Release|Any CPU
		{9186671B-CB2A-440A-A95D-9D42D7B368E8}.Release|Any CPU.Build.0 = Release|Any CPU
		{FB48AAE1-C6F8-45E4-8774-331714F11504}.Debug|Any CPU.ActiveCfg = Debug|Any CPU
		{FB48AAE1-C6F8-45E4-8774-331714F11504}.Debug|Any CPU.Build.0 = Debug|Any CPU
		{FB48AAE1-C6F8-45E4-8774-331714F11504}.Release|Any CPU.ActiveCfg = Release|Any CPU
		{FB48AAE1-C6F8-45E4-8774-331714F11504}.Release|Any CPU.Build.0 = Release|Any CPU
		{03DBF5B8-9C67-47D5-825D-44FBBF43D470}.Debug|Any CPU.ActiveCfg = Debug|Any CPU
		{03DBF5B8-9C67-47D5-825D-44FBBF43D470}.Debug|Any CPU.Build.0 = Debug|Any CPU
		{03DBF5B8-9C67-47D5-825D-44FBBF43D470}.Release|Any CPU.ActiveCfg = Release|Any CPU
		{03DBF5B8-9C67-47D5-825D-44FBBF43D470}.Release|Any CPU.Build.0 = Release|Any CPU
		{89C044D3-15D6-418B-89BF-18B0CEDEAC3F}.Debug|Any CPU.ActiveCfg = Debug|Any CPU
		{89C044D3-15D6-418B-89BF-18B0CEDEAC3F}.Debug|Any CPU.Build.0 = Debug|Any CPU
		{89C044D3-15D6-418B-89BF-18B0CEDEAC3F}.Release|Any CPU.ActiveCfg = Release|Any CPU
		{89C044D3-15D6-418B-89BF-18B0CEDEAC3F}.Release|Any CPU.Build.0 = Release|Any CPU
		{6AC0802B-F3E3-4702-927D-2A657B23D23F}.Debug|Any CPU.ActiveCfg = Debug|Any CPU
		{6AC0802B-F3E3-4702-927D-2A657B23D23F}.Debug|Any CPU.Build.0 = Debug|Any CPU
		{6AC0802B-F3E3-4702-927D-2A657B23D23F}.Release|Any CPU.ActiveCfg = Release|Any CPU
		{6AC0802B-F3E3-4702-927D-2A657B23D23F}.Release|Any CPU.Build.0 = Release|Any CPU
		{985F2EFB-7ABA-4650-8046-910E307F6111}.Debug|Any CPU.ActiveCfg = Debug|Any CPU
		{985F2EFB-7ABA-4650-8046-910E307F6111}.Debug|Any CPU.Build.0 = Debug|Any CPU
		{985F2EFB-7ABA-4650-8046-910E307F6111}.Release|Any CPU.ActiveCfg = Release|Any CPU
		{985F2EFB-7ABA-4650-8046-910E307F6111}.Release|Any CPU.Build.0 = Release|Any CPU
		{32D1B3CD-BE51-4D70-94BC-AAFFB7E7A3EA}.Debug|Any CPU.ActiveCfg = Debug|Any CPU
		{32D1B3CD-BE51-4D70-94BC-AAFFB7E7A3EA}.Debug|Any CPU.Build.0 = Debug|Any CPU
		{32D1B3CD-BE51-4D70-94BC-AAFFB7E7A3EA}.Release|Any CPU.ActiveCfg = Release|Any CPU
		{32D1B3CD-BE51-4D70-94BC-AAFFB7E7A3EA}.Release|Any CPU.Build.0 = Release|Any CPU
		{E2423C76-7C13-4EEA-BBF3-DB6FF55D6778}.Debug|Any CPU.ActiveCfg = Debug|Any CPU
		{E2423C76-7C13-4EEA-BBF3-DB6FF55D6778}.Debug|Any CPU.Build.0 = Debug|Any CPU
		{E2423C76-7C13-4EEA-BBF3-DB6FF55D6778}.Release|Any CPU.ActiveCfg = Release|Any CPU
		{E2423C76-7C13-4EEA-BBF3-DB6FF55D6778}.Release|Any CPU.Build.0 = Release|Any CPU
		{F01090D9-0C8A-4861-AC8A-8D31E89A25B5}.Debug|Any CPU.ActiveCfg = Debug|Any CPU
		{F01090D9-0C8A-4861-AC8A-8D31E89A25B5}.Debug|Any CPU.Build.0 = Debug|Any CPU
		{F01090D9-0C8A-4861-AC8A-8D31E89A25B5}.Release|Any CPU.ActiveCfg = Release|Any CPU
		{F01090D9-0C8A-4861-AC8A-8D31E89A25B5}.Release|Any CPU.Build.0 = Release|Any CPU
		{9114030A-E68A-48C2-89E3-E1C7DCDF4D58}.Debug|Any CPU.ActiveCfg = Debug|Any CPU
		{9114030A-E68A-48C2-89E3-E1C7DCDF4D58}.Debug|Any CPU.Build.0 = Debug|Any CPU
		{9114030A-E68A-48C2-89E3-E1C7DCDF4D58}.Release|Any CPU.ActiveCfg = Release|Any CPU
		{9114030A-E68A-48C2-89E3-E1C7DCDF4D58}.Release|Any CPU.Build.0 = Release|Any CPU
		{FB6CBAB8-C053-4B90-A55E-B968CAED308A}.Debug|Any CPU.ActiveCfg = Debug|Any CPU
		{FB6CBAB8-C053-4B90-A55E-B968CAED308A}.Debug|Any CPU.Build.0 = Debug|Any CPU
		{FB6CBAB8-C053-4B90-A55E-B968CAED308A}.Release|Any CPU.ActiveCfg = Release|Any CPU
		{FB6CBAB8-C053-4B90-A55E-B968CAED308A}.Release|Any CPU.Build.0 = Release|Any CPU
		{A581E938-D211-4A12-BA33-ABD47C7CE32F}.Debug|Any CPU.ActiveCfg = Debug|Any CPU
		{A581E938-D211-4A12-BA33-ABD47C7CE32F}.Debug|Any CPU.Build.0 = Debug|Any CPU
		{A581E938-D211-4A12-BA33-ABD47C7CE32F}.Release|Any CPU.ActiveCfg = Release|Any CPU
		{A581E938-D211-4A12-BA33-ABD47C7CE32F}.Release|Any CPU.Build.0 = Release|Any CPU
		{1A55AE7E-86C6-4B09-AC3E-93DDBC5DF9D7}.Debug|Any CPU.ActiveCfg = Debug|Any CPU
		{1A55AE7E-86C6-4B09-AC3E-93DDBC5DF9D7}.Debug|Any CPU.Build.0 = Debug|Any CPU
		{1A55AE7E-86C6-4B09-AC3E-93DDBC5DF9D7}.Release|Any CPU.ActiveCfg = Release|Any CPU
		{1A55AE7E-86C6-4B09-AC3E-93DDBC5DF9D7}.Release|Any CPU.Build.0 = Release|Any CPU
		{69E0795C-1E74-4700-B295-54D22557D00A}.Debug|Any CPU.ActiveCfg = Debug|Any CPU
		{69E0795C-1E74-4700-B295-54D22557D00A}.Debug|Any CPU.Build.0 = Debug|Any CPU
		{69E0795C-1E74-4700-B295-54D22557D00A}.Release|Any CPU.ActiveCfg = Release|Any CPU
		{69E0795C-1E74-4700-B295-54D22557D00A}.Release|Any CPU.Build.0 = Release|Any CPU
		{D43DEDF6-1850-420B-BE91-C7D9AA6678E5}.Debug|Any CPU.ActiveCfg = Debug|Any CPU
		{D43DEDF6-1850-420B-BE91-C7D9AA6678E5}.Debug|Any CPU.Build.0 = Debug|Any CPU
		{D43DEDF6-1850-420B-BE91-C7D9AA6678E5}.Release|Any CPU.ActiveCfg = Release|Any CPU
		{D43DEDF6-1850-420B-BE91-C7D9AA6678E5}.Release|Any CPU.Build.0 = Release|Any CPU
		{7901B690-7E1B-40CC-A45C-80DD2F869B00}.Debug|Any CPU.ActiveCfg = Debug|Any CPU
		{7901B690-7E1B-40CC-A45C-80DD2F869B00}.Debug|Any CPU.Build.0 = Debug|Any CPU
		{7901B690-7E1B-40CC-A45C-80DD2F869B00}.Release|Any CPU.ActiveCfg = Release|Any CPU
		{7901B690-7E1B-40CC-A45C-80DD2F869B00}.Release|Any CPU.Build.0 = Release|Any CPU
		{85D8DA68-A745-4A19-8E8D-1C954DB80B1D}.Debug|Any CPU.ActiveCfg = Debug|Any CPU
		{85D8DA68-A745-4A19-8E8D-1C954DB80B1D}.Debug|Any CPU.Build.0 = Debug|Any CPU
		{85D8DA68-A745-4A19-8E8D-1C954DB80B1D}.Release|Any CPU.ActiveCfg = Release|Any CPU
		{85D8DA68-A745-4A19-8E8D-1C954DB80B1D}.Release|Any CPU.Build.0 = Release|Any CPU
		{37EA0C20-FB40-477A-9E61-248F1AFA7923}.Debug|Any CPU.ActiveCfg = Debug|Any CPU
		{37EA0C20-FB40-477A-9E61-248F1AFA7923}.Debug|Any CPU.Build.0 = Debug|Any CPU
		{37EA0C20-FB40-477A-9E61-248F1AFA7923}.Release|Any CPU.ActiveCfg = Release|Any CPU
		{37EA0C20-FB40-477A-9E61-248F1AFA7923}.Release|Any CPU.Build.0 = Release|Any CPU
		{F1AF7833-CA63-4072-9453-F40E2E4EA12B}.Debug|Any CPU.ActiveCfg = Debug|Any CPU
		{F1AF7833-CA63-4072-9453-F40E2E4EA12B}.Debug|Any CPU.Build.0 = Debug|Any CPU
		{F1AF7833-CA63-4072-9453-F40E2E4EA12B}.Release|Any CPU.ActiveCfg = Release|Any CPU
		{F1AF7833-CA63-4072-9453-F40E2E4EA12B}.Release|Any CPU.Build.0 = Release|Any CPU
		{336209ED-B0CF-4179-8BAE-81B7066B7509}.Debug|Any CPU.ActiveCfg = Debug|Any CPU
		{336209ED-B0CF-4179-8BAE-81B7066B7509}.Debug|Any CPU.Build.0 = Debug|Any CPU
		{336209ED-B0CF-4179-8BAE-81B7066B7509}.Release|Any CPU.ActiveCfg = Release|Any CPU
		{336209ED-B0CF-4179-8BAE-81B7066B7509}.Release|Any CPU.Build.0 = Release|Any CPU
		{7C1A5C72-05AA-48A1-AD9D-17C03EEFA830}.Debug|Any CPU.ActiveCfg = Debug|Any CPU
		{7C1A5C72-05AA-48A1-AD9D-17C03EEFA830}.Debug|Any CPU.Build.0 = Debug|Any CPU
		{7C1A5C72-05AA-48A1-AD9D-17C03EEFA830}.Release|Any CPU.ActiveCfg = Release|Any CPU
		{7C1A5C72-05AA-48A1-AD9D-17C03EEFA830}.Release|Any CPU.Build.0 = Release|Any CPU
		{D05B38C2-9E7A-4B39-A94D-156AFC3F0D01}.Debug|Any CPU.ActiveCfg = Debug|Any CPU
		{D05B38C2-9E7A-4B39-A94D-156AFC3F0D01}.Debug|Any CPU.Build.0 = Debug|Any CPU
		{D05B38C2-9E7A-4B39-A94D-156AFC3F0D01}.Release|Any CPU.ActiveCfg = Release|Any CPU
		{D05B38C2-9E7A-4B39-A94D-156AFC3F0D01}.Release|Any CPU.Build.0 = Release|Any CPU
		{3DC5EF91-2E51-4BCF-BBD7-3C3136A0EB8C}.Debug|Any CPU.ActiveCfg = Debug|Any CPU
		{3DC5EF91-2E51-4BCF-BBD7-3C3136A0EB8C}.Debug|Any CPU.Build.0 = Debug|Any CPU
		{3DC5EF91-2E51-4BCF-BBD7-3C3136A0EB8C}.Release|Any CPU.ActiveCfg = Release|Any CPU
		{3DC5EF91-2E51-4BCF-BBD7-3C3136A0EB8C}.Release|Any CPU.Build.0 = Release|Any CPU
		{A840A734-DD8D-4E77-9A9C-21CCDC4B2964}.Debug|Any CPU.ActiveCfg = Debug|Any CPU
		{A840A734-DD8D-4E77-9A9C-21CCDC4B2964}.Debug|Any CPU.Build.0 = Debug|Any CPU
		{A840A734-DD8D-4E77-9A9C-21CCDC4B2964}.Release|Any CPU.ActiveCfg = Release|Any CPU
		{A840A734-DD8D-4E77-9A9C-21CCDC4B2964}.Release|Any CPU.Build.0 = Release|Any CPU
		{CA9FC82F-C7A1-4457-810E-EAF38BDEEFF8}.Debug|Any CPU.ActiveCfg = Debug|Any CPU
		{CA9FC82F-C7A1-4457-810E-EAF38BDEEFF8}.Debug|Any CPU.Build.0 = Debug|Any CPU
		{CA9FC82F-C7A1-4457-810E-EAF38BDEEFF8}.Release|Any CPU.ActiveCfg = Release|Any CPU
		{CA9FC82F-C7A1-4457-810E-EAF38BDEEFF8}.Release|Any CPU.Build.0 = Release|Any CPU
		{2C2478AF-C9F6-41DB-91C0-9CA57FFC930D}.Debug|Any CPU.ActiveCfg = Debug|Any CPU
		{2C2478AF-C9F6-41DB-91C0-9CA57FFC930D}.Debug|Any CPU.Build.0 = Debug|Any CPU
		{2C2478AF-C9F6-41DB-91C0-9CA57FFC930D}.Release|Any CPU.ActiveCfg = Release|Any CPU
		{2C2478AF-C9F6-41DB-91C0-9CA57FFC930D}.Release|Any CPU.Build.0 = Release|Any CPU
		{2EA470BD-2986-40AF-80E6-CCAAA956FC6F}.Debug|Any CPU.ActiveCfg = Debug|Any CPU
		{2EA470BD-2986-40AF-80E6-CCAAA956FC6F}.Debug|Any CPU.Build.0 = Debug|Any CPU
		{2EA470BD-2986-40AF-80E6-CCAAA956FC6F}.Release|Any CPU.ActiveCfg = Release|Any CPU
		{2EA470BD-2986-40AF-80E6-CCAAA956FC6F}.Release|Any CPU.Build.0 = Release|Any CPU
		{8A402096-B4B7-4DF2-BAA3-94E1F359F3CF}.Debug|Any CPU.ActiveCfg = Debug|Any CPU
		{8A402096-B4B7-4DF2-BAA3-94E1F359F3CF}.Debug|Any CPU.Build.0 = Debug|Any CPU
		{8A402096-B4B7-4DF2-BAA3-94E1F359F3CF}.Release|Any CPU.ActiveCfg = Release|Any CPU
		{8A402096-B4B7-4DF2-BAA3-94E1F359F3CF}.Release|Any CPU.Build.0 = Release|Any CPU
		{90A1E00B-2D1D-47C5-9EE4-C66C7DA5E8DC}.Debug|Any CPU.ActiveCfg = Debug|Any CPU
		{90A1E00B-2D1D-47C5-9EE4-C66C7DA5E8DC}.Debug|Any CPU.Build.0 = Debug|Any CPU
		{90A1E00B-2D1D-47C5-9EE4-C66C7DA5E8DC}.Release|Any CPU.ActiveCfg = Release|Any CPU
		{90A1E00B-2D1D-47C5-9EE4-C66C7DA5E8DC}.Release|Any CPU.Build.0 = Release|Any CPU
		{09E16C02-79D6-4653-A9C5-A1D7A4B33ABB}.Debug|Any CPU.ActiveCfg = Debug|Any CPU
		{09E16C02-79D6-4653-A9C5-A1D7A4B33ABB}.Debug|Any CPU.Build.0 = Debug|Any CPU
		{09E16C02-79D6-4653-A9C5-A1D7A4B33ABB}.Release|Any CPU.ActiveCfg = Release|Any CPU
		{09E16C02-79D6-4653-A9C5-A1D7A4B33ABB}.Release|Any CPU.Build.0 = Release|Any CPU
		{42D365E4-29AE-4DF8-A0D2-1CABF71A9E07}.Debug|Any CPU.ActiveCfg = Debug|Any CPU
		{42D365E4-29AE-4DF8-A0D2-1CABF71A9E07}.Debug|Any CPU.Build.0 = Debug|Any CPU
		{42D365E4-29AE-4DF8-A0D2-1CABF71A9E07}.Release|Any CPU.ActiveCfg = Release|Any CPU
		{42D365E4-29AE-4DF8-A0D2-1CABF71A9E07}.Release|Any CPU.Build.0 = Release|Any CPU
		{C9F63246-0AB1-4DDC-A7D8-E9315BADA872}.Debug|Any CPU.ActiveCfg = Debug|Any CPU
		{C9F63246-0AB1-4DDC-A7D8-E9315BADA872}.Debug|Any CPU.Build.0 = Debug|Any CPU
		{C9F63246-0AB1-4DDC-A7D8-E9315BADA872}.Release|Any CPU.ActiveCfg = Release|Any CPU
		{C9F63246-0AB1-4DDC-A7D8-E9315BADA872}.Release|Any CPU.Build.0 = Release|Any CPU
		{0B6A7C3F-29D6-47CA-9C8E-1B4852E39A35}.Debug|Any CPU.ActiveCfg = Debug|Any CPU
		{0B6A7C3F-29D6-47CA-9C8E-1B4852E39A35}.Debug|Any CPU.Build.0 = Debug|Any CPU
		{0B6A7C3F-29D6-47CA-9C8E-1B4852E39A35}.Release|Any CPU.ActiveCfg = Release|Any CPU
		{0B6A7C3F-29D6-47CA-9C8E-1B4852E39A35}.Release|Any CPU.Build.0 = Release|Any CPU
		{6CEA234D-6EC3-4001-A56D-BD845444BEAD}.Debug|Any CPU.ActiveCfg = Debug|Any CPU
		{6CEA234D-6EC3-4001-A56D-BD845444BEAD}.Debug|Any CPU.Build.0 = Debug|Any CPU
		{6CEA234D-6EC3-4001-A56D-BD845444BEAD}.Release|Any CPU.ActiveCfg = Release|Any CPU
		{6CEA234D-6EC3-4001-A56D-BD845444BEAD}.Release|Any CPU.Build.0 = Release|Any CPU
		{985D93CD-7115-4D1F-A526-BC78A0E520C2}.Debug|Any CPU.ActiveCfg = Debug|Any CPU
		{985D93CD-7115-4D1F-A526-BC78A0E520C2}.Debug|Any CPU.Build.0 = Debug|Any CPU
		{985D93CD-7115-4D1F-A526-BC78A0E520C2}.Release|Any CPU.ActiveCfg = Release|Any CPU
		{985D93CD-7115-4D1F-A526-BC78A0E520C2}.Release|Any CPU.Build.0 = Release|Any CPU
		{9C23A71D-91BE-4E16-AE70-1C5834C2865C}.Debug|Any CPU.ActiveCfg = Debug|Any CPU
		{9C23A71D-91BE-4E16-AE70-1C5834C2865C}.Debug|Any CPU.Build.0 = Debug|Any CPU
		{9C23A71D-91BE-4E16-AE70-1C5834C2865C}.Release|Any CPU.ActiveCfg = Release|Any CPU
		{9C23A71D-91BE-4E16-AE70-1C5834C2865C}.Release|Any CPU.Build.0 = Release|Any CPU
	EndGlobalSection
	GlobalSection(SolutionProperties) = preSolution
		HideSolutionNode = FALSE
	EndGlobalSection
	GlobalSection(NestedProjects) = preSolution
		{31DAF16B-8F9A-4298-8616-FC981F19840A} = {8485BE9D-F307-4FD8-B306-75E90DEBB988}
		{9FD5F68F-77A7-47B5-9EBC-EAA9FCF47906} = {8485BE9D-F307-4FD8-B306-75E90DEBB988}
		{33DACE6F-D3A9-4439-848B-4B5E7C8483BE} = {8485BE9D-F307-4FD8-B306-75E90DEBB988}
		{F94713DB-26FB-408B-A1F4-A03DBBE530E7} = {8485BE9D-F307-4FD8-B306-75E90DEBB988}
		{9D419A87-B0EA-429D-8AC6-A7063D246F97} = {8485BE9D-F307-4FD8-B306-75E90DEBB988}
		{8DF5F472-82D4-432A-A965-FD2AACDB7255} = {8485BE9D-F307-4FD8-B306-75E90DEBB988}
		{B736F07D-65BC-465D-8F1D-56416C9DC12E} = {8485BE9D-F307-4FD8-B306-75E90DEBB988}
		{DE1918C2-CDED-4ACF-BBBA-D8D40015BAA2} = {8485BE9D-F307-4FD8-B306-75E90DEBB988}
		{C39FA203-579C-4641-84DF-9DB88814DC9F} = {8485BE9D-F307-4FD8-B306-75E90DEBB988}
		{C92895F7-4E05-4883-8D90-9737F12298B8} = {8485BE9D-F307-4FD8-B306-75E90DEBB988}
		{1F3B268B-D2D5-4F74-BA57-636450CE886C} = {C92895F7-4E05-4883-8D90-9737F12298B8}
		{FA8A4C96-4186-43B1-8938-801D6C7600D2} = {C92895F7-4E05-4883-8D90-9737F12298B8}
		{7CDCB91C-FB70-4607-B117-90BEAD8A0E98} = {C92895F7-4E05-4883-8D90-9737F12298B8}
		{78654335-DD18-4C58-97FA-457FB355082E} = {C92895F7-4E05-4883-8D90-9737F12298B8}
		{5A24BBF7-7C10-4572-8CB7-B52B1D2EDB45} = {C92895F7-4E05-4883-8D90-9737F12298B8}
		{4D8EC6DC-142F-4F59-BB30-2B0B9239DA8F} = {C92895F7-4E05-4883-8D90-9737F12298B8}
		{7BC67604-FE5C-4F44-AF39-DD55EE78114D} = {C92895F7-4E05-4883-8D90-9737F12298B8}
		{2B9957ED-1ECD-4BBF-A068-9EAA20933F12} = {C92895F7-4E05-4883-8D90-9737F12298B8}
		{EDDFDB03-6D51-44C5-AB60-987691131A3D} = {C92895F7-4E05-4883-8D90-9737F12298B8}
		{07500782-4435-4894-90D6-D4837BC6D797} = {C92895F7-4E05-4883-8D90-9737F12298B8}
		{51C7DA9C-16CB-4FCA-87F1-F49D1ED3621E} = {C92895F7-4E05-4883-8D90-9737F12298B8}
		{DC41688F-263D-4D5C-BC08-A88CE0078DCE} = {C92895F7-4E05-4883-8D90-9737F12298B8}
		{EF05B39A-DE5D-4B9F-9B03-D4888650E6D0} = {C92895F7-4E05-4883-8D90-9737F12298B8}
		{17E78805-C1B4-4528-B4F7-F13D9B92B8A8} = {C92895F7-4E05-4883-8D90-9737F12298B8}
		{AC23E599-9E13-47EE-9C01-3E99C596C73A} = {C92895F7-4E05-4883-8D90-9737F12298B8}
		{EBC3AB30-9F0C-40BA-919E-A63F6F81A912} = {C92895F7-4E05-4883-8D90-9737F12298B8}
		{7F8B7D81-A744-48A2-9640-7A119E30180A} = {C92895F7-4E05-4883-8D90-9737F12298B8}
		{62B515E7-8962-4173-9381-B7C71920B29E} = {C92895F7-4E05-4883-8D90-9737F12298B8}
		{C8D6F162-7454-4A65-8EAD-4AE103279BF8} = {C92895F7-4E05-4883-8D90-9737F12298B8}
		{7CC9F38C-D6A2-4456-AFBE-45E25C35BB4B} = {8BC735C7-6C55-4C3C-A848-A64C74DB94D2}
		{8FBB1A6B-7BDB-4E97-90B5-5A9B7C7DDF84} = {8BC735C7-6C55-4C3C-A848-A64C74DB94D2}
		{C0F58715-DC8E-4D0C-842B-60D283413555} = {8BC735C7-6C55-4C3C-A848-A64C74DB94D2}
		{B1787CA1-D231-47CE-9C2D-37BB964282AC} = {8BC735C7-6C55-4C3C-A848-A64C74DB94D2}
		{5B21B388-6E75-40D3-80B9-6E2A91550608} = {8BC735C7-6C55-4C3C-A848-A64C74DB94D2}
		{1997800E-EA90-4EA6-9272-8A2149201BA8} = {8BC735C7-6C55-4C3C-A848-A64C74DB94D2}
		{1F94524A-94F7-4572-B387-7C4EF277C781} = {8BC735C7-6C55-4C3C-A848-A64C74DB94D2}
		{DA15C1CE-B5C1-4E94-96CC-911C3C2BA8B0} = {8BC735C7-6C55-4C3C-A848-A64C74DB94D2}
		{9B3DCC2F-3CA8-4F29-9A10-118833E53A10} = {8BC735C7-6C55-4C3C-A848-A64C74DB94D2}
		{9186671B-CB2A-440A-A95D-9D42D7B368E8} = {8BC735C7-6C55-4C3C-A848-A64C74DB94D2}
		{1268DD15-4F93-4DD2-96B0-DC0A240E4778} = {8BC735C7-6C55-4C3C-A848-A64C74DB94D2}
		{FB48AAE1-C6F8-45E4-8774-331714F11504} = {1268DD15-4F93-4DD2-96B0-DC0A240E4778}
		{03DBF5B8-9C67-47D5-825D-44FBBF43D470} = {1268DD15-4F93-4DD2-96B0-DC0A240E4778}
		{89C044D3-15D6-418B-89BF-18B0CEDEAC3F} = {1268DD15-4F93-4DD2-96B0-DC0A240E4778}
		{6AC0802B-F3E3-4702-927D-2A657B23D23F} = {1268DD15-4F93-4DD2-96B0-DC0A240E4778}
		{985F2EFB-7ABA-4650-8046-910E307F6111} = {1268DD15-4F93-4DD2-96B0-DC0A240E4778}
		{32D1B3CD-BE51-4D70-94BC-AAFFB7E7A3EA} = {1268DD15-4F93-4DD2-96B0-DC0A240E4778}
		{E2423C76-7C13-4EEA-BBF3-DB6FF55D6778} = {1268DD15-4F93-4DD2-96B0-DC0A240E4778}
		{F01090D9-0C8A-4861-AC8A-8D31E89A25B5} = {1268DD15-4F93-4DD2-96B0-DC0A240E4778}
		{9114030A-E68A-48C2-89E3-E1C7DCDF4D58} = {01E61DA3-D9F1-4CAE-AE9F-F3359F45173E}
		{FB6CBAB8-C053-4B90-A55E-B968CAED308A} = {01E61DA3-D9F1-4CAE-AE9F-F3359F45173E}
		{A581E938-D211-4A12-BA33-ABD47C7CE32F} = {01E61DA3-D9F1-4CAE-AE9F-F3359F45173E}
		{484C522A-C8A0-4AE5-83D1-F3474271B04C} = {01E61DA3-D9F1-4CAE-AE9F-F3359F45173E}
		{1A55AE7E-86C6-4B09-AC3E-93DDBC5DF9D7} = {484C522A-C8A0-4AE5-83D1-F3474271B04C}
		{69E0795C-1E74-4700-B295-54D22557D00A} = {484C522A-C8A0-4AE5-83D1-F3474271B04C}
		{D43DEDF6-1850-420B-BE91-C7D9AA6678E5} = {484C522A-C8A0-4AE5-83D1-F3474271B04C}
		{7901B690-7E1B-40CC-A45C-80DD2F869B00} = {484C522A-C8A0-4AE5-83D1-F3474271B04C}
		{85D8DA68-A745-4A19-8E8D-1C954DB80B1D} = {EFE5801A-036A-4416-86E1-5CB750C5DFD3}
		{37EA0C20-FB40-477A-9E61-248F1AFA7923} = {EFE5801A-036A-4416-86E1-5CB750C5DFD3}
		{F1AF7833-CA63-4072-9453-F40E2E4EA12B} = {EFE5801A-036A-4416-86E1-5CB750C5DFD3}
		{336209ED-B0CF-4179-8BAE-81B7066B7509} = {EFE5801A-036A-4416-86E1-5CB750C5DFD3}
		{7C1A5C72-05AA-48A1-AD9D-17C03EEFA830} = {EFE5801A-036A-4416-86E1-5CB750C5DFD3}
		{D05B38C2-9E7A-4B39-A94D-156AFC3F0D01} = {EFE5801A-036A-4416-86E1-5CB750C5DFD3}
		{3DC5EF91-2E51-4BCF-BBD7-3C3136A0EB8C} = {ED12A8F9-F5F7-4FE2-A040-B2D2A03857A2}
		{ED12A8F9-F5F7-4FE2-A040-B2D2A03857A2} = {EFE5801A-036A-4416-86E1-5CB750C5DFD3}
		{A840A734-DD8D-4E77-9A9C-21CCDC4B2964} = {ED12A8F9-F5F7-4FE2-A040-B2D2A03857A2}
		{CA9FC82F-C7A1-4457-810E-EAF38BDEEFF8} = {ED12A8F9-F5F7-4FE2-A040-B2D2A03857A2}
		{2C2478AF-C9F6-41DB-91C0-9CA57FFC930D} = {ED12A8F9-F5F7-4FE2-A040-B2D2A03857A2}
		{2EA470BD-2986-40AF-80E6-CCAAA956FC6F} = {ED12A8F9-F5F7-4FE2-A040-B2D2A03857A2}
		{8A402096-B4B7-4DF2-BAA3-94E1F359F3CF} = {ED12A8F9-F5F7-4FE2-A040-B2D2A03857A2}
		{90A1E00B-2D1D-47C5-9EE4-C66C7DA5E8DC} = {ED12A8F9-F5F7-4FE2-A040-B2D2A03857A2}
		{09E16C02-79D6-4653-A9C5-A1D7A4B33ABB} = {ED12A8F9-F5F7-4FE2-A040-B2D2A03857A2}
		{42D365E4-29AE-4DF8-A0D2-1CABF71A9E07} = {ED12A8F9-F5F7-4FE2-A040-B2D2A03857A2}
		{C9F63246-0AB1-4DDC-A7D8-E9315BADA872} = {ED12A8F9-F5F7-4FE2-A040-B2D2A03857A2}
		{0B6A7C3F-29D6-47CA-9C8E-1B4852E39A35} = {42F5BFE1-1FBC-41C1-97A1-5442E246CA24}
		{42F5BFE1-1FBC-41C1-97A1-5442E246CA24} = {EFE5801A-036A-4416-86E1-5CB750C5DFD3}
		{6CEA234D-6EC3-4001-A56D-BD845444BEAD} = {42F5BFE1-1FBC-41C1-97A1-5442E246CA24}
		{985D93CD-7115-4D1F-A526-BC78A0E520C2} = {42F5BFE1-1FBC-41C1-97A1-5442E246CA24}
		{9C23A71D-91BE-4E16-AE70-1C5834C2865C} = {42F5BFE1-1FBC-41C1-97A1-5442E246CA24}
	EndGlobalSection
EndGlobal
